
Microsoft Visual Studio Solution File, Format Version 12.00
# Visual Studio 2013
VisualStudioVersion = 12.0.31101.0
MinimumVisualStudioVersion = 10.0.40219.1
Project("{2150E333-8FDC-42A3-9474-1A3956D46DE8}") = "Core", "Core", "{1663A5F5-14BA-4FDD-8D0D-B80996A32623}"
EndProject
Project("{FAE04EC0-301F-11D3-BF4B-00C04F79EFBC}") = "Bifrost", "..\Bifrost\Bifrost.csproj", "{FB310720-CD89-44B6-BD54-7861F65D8466}"
EndProject
Project("{FAE04EC0-301F-11D3-BF4B-00C04F79EFBC}") = "Bifrost.Specs", "..\Bifrost.Specs\Bifrost.Specs.csproj", "{CDAA9409-34B1-4B02-B079-19427E77A3B0}"
EndProject
Project("{2150E333-8FDC-42A3-9474-1A3956D46DE8}") = "Extensions", "Extensions", "{2B61FCED-42AC-48B3-B2E9-6F0EE50E0674}"
EndProject
Project("{FAE04EC0-301F-11D3-BF4B-00C04F79EFBC}") = "Bifrost.NHibernate", "..\Bifrost.NHibernate\Bifrost.NHibernate.csproj", "{3AD8BA49-6972-42B2-81F5-0D45C626F1DF}"
EndProject
Project("{FAE04EC0-301F-11D3-BF4B-00C04F79EFBC}") = "Bifrost.Web.Mvc", "..\Bifrost.Web.Mvc\Bifrost.Web.Mvc.csproj", "{73FFB713-2878-4C17-8D5B-E22AF8DE89C5}"
EndProject
Project("{FAE04EC0-301F-11D3-BF4B-00C04F79EFBC}") = "Bifrost.MSpec", "..\Bifrost.MSpec\Bifrost.MSpec.csproj", "{FFE4E208-67F2-47B5-AA92-BA35AB3F4730}"
EndProject
Project("{FAE04EC0-301F-11D3-BF4B-00C04F79EFBC}") = "Bifrost.JSON", "..\Bifrost.JSON\Bifrost.JSON.csproj", "{DB77EB6A-DB79-4839-AB30-90593BCE470F}"
EndProject
Project("{FAE04EC0-301F-11D3-BF4B-00C04F79EFBC}") = "Bifrost.Ninject", "..\Bifrost.Ninject\Bifrost.Ninject.csproj", "{3EE03158-1BE0-470C-85FB-E673CD5FC9E1}"
EndProject
Project("{FAE04EC0-301F-11D3-BF4B-00C04F79EFBC}") = "Bifrost.Unity", "..\Bifrost.Unity\Bifrost.Unity.csproj", "{4CDE2CC3-5D02-431B-BCCE-E332B9FDD665}"
EndProject
Project("{FAE04EC0-301F-11D3-BF4B-00C04F79EFBC}") = "Bifrost.MongoDB", "..\Bifrost.MongoDb\Bifrost.MongoDB.csproj", "{63BBC1F3-E5E0-4902-BADF-1589F91C0BEA}"
EndProject
Project("{FAE04EC0-301F-11D3-BF4B-00C04F79EFBC}") = "Bifrost.Ninject.Specs", "..\Bifrost.Ninject.Specs\Bifrost.Ninject.Specs.csproj", "{0F449F28-D18B-4D52-B444-A18546F82FE6}"
EndProject
Project("{FAE04EC0-301F-11D3-BF4B-00C04F79EFBC}") = "Bifrost.Web.Mvc.Specs", "..\Bifrost.Web.Mvc.Specs\Bifrost.Web.Mvc.Specs.csproj", "{D3B18D07-0B19-4CDE-8A32-33F69C404C03}"
EndProject
Project("{FAE04EC0-301F-11D3-BF4B-00C04F79EFBC}") = "Bifrost.JavaScript", "..\Bifrost.JavaScript\Bifrost.JavaScript.csproj", "{15567D0A-4DAF-49CD-9F8F-4FA94AD889D3}"
EndProject
Project("{FAE04EC0-301F-11D3-BF4B-00C04F79EFBC}") = "Bifrost.JavaScript.Specs", "..\Bifrost.JavaScript.Specs\Bifrost.JavaScript.Specs.csproj", "{F3E029DC-EBEB-492F-9CA0-D26DB9F82064}"
EndProject
Project("{FAE04EC0-301F-11D3-BF4B-00C04F79EFBC}") = "Bifrost.Web", "..\Bifrost.Web\Bifrost.Web.csproj", "{0A748BD3-97DD-4C57-8069-4E36656C0A1A}"
EndProject
Project("{FAE04EC0-301F-11D3-BF4B-00C04F79EFBC}") = "Bifrost.JSON.Specs", "..\Bifrost.JSON.Specs\Bifrost.JSON.Specs.csproj", "{E066FF5C-A61E-48CD-AAF5-5A490F5C6F3D}"
EndProject
Project("{FAE04EC0-301F-11D3-BF4B-00C04F79EFBC}") = "Bifrost.Windsor", "..\Bifrost.Windsor\Bifrost.Windsor.csproj", "{7048A168-BF11-48C1-886E-39DBF2EB8B04}"
EndProject
Project("{FAE04EC0-301F-11D3-BF4B-00C04F79EFBC}") = "Bifrost.Content", "..\Bifrost.Content\Bifrost.Content.csproj", "{ACFBFE97-27FE-4D3C-B5F6-B5CBC24F9EF3}"
EndProject
Project("{FAE04EC0-301F-11D3-BF4B-00C04F79EFBC}") = "Bifrost.Content.Specs", "..\Bifrost.Content.Specs\Bifrost.Content.Specs.csproj", "{314E5D80-C9B6-41CD-96AD-E9166D953763}"
EndProject
Project("{FAE04EC0-301F-11D3-BF4B-00C04F79EFBC}") = "Bifrost.Web.Specs", "..\Bifrost.Web.Specs\Bifrost.Web.Specs.csproj", "{C2C2138E-2617-43D6-B552-E0D57FDA7CEA}"
EndProject
Project("{2150E333-8FDC-42A3-9474-1A3956D46DE8}") = "Forseti", "Forseti", "{8186F995-DCEF-4ECA-9161-27BAD741B757}"
	ProjectSection(SolutionItems) = preProject
		..\forseti.yaml = ..\forseti.yaml
	EndProjectSection
EndProject
Project("{FAE04EC0-301F-11D3-BF4B-00C04F79EFBC}") = "Bifrost.RavenDB", "..\Bifrost.RavenDB\Bifrost.RavenDB.csproj", "{CB331526-55BF-4887-A0D8-EE721B7FCDD7}"
EndProject
Project("{2150E333-8FDC-42A3-9474-1A3956D46DE8}") = "Mimir", "Mimir", "{75CAD46B-8E8E-4798-97F8-C2463D126431}"
EndProject
Project("{FAE04EC0-301F-11D3-BF4B-00C04F79EFBC}") = "Bifrost.Mimir.Domain", "..\Bifrost.Mimir.Domain\Bifrost.Mimir.Domain.csproj", "{48AFEFD5-2AC8-472C-95A7-78147B255236}"
EndProject
Project("{FAE04EC0-301F-11D3-BF4B-00C04F79EFBC}") = "Bifrost.Mimir.Events", "..\Bifrost.Mimir.Events\Bifrost.Mimir.Events.csproj", "{3E9048BC-11C1-4278-ACBF-2B0DBE7EF9F4}"
EndProject
Project("{FAE04EC0-301F-11D3-BF4B-00C04F79EFBC}") = "Bifrost.Mimir.Web", "..\Bifrost.Mimir.Web\Bifrost.Mimir.Web.csproj", "{94792675-44A2-4DD8-8CF2-1771787A097C}"
EndProject
Project("{FAE04EC0-301F-11D3-BF4B-00C04F79EFBC}") = "Bifrost.RavenDB.Specs", "..\Bifrost.RavenDB.Specs\Bifrost.RavenDB.Specs.csproj", "{58448401-0B31-48D6-B6EA-D76EF501F902}"
EndProject
Project("{FAE04EC0-301F-11D3-BF4B-00C04F79EFBC}") = "Bifrost.CommonServiceLocator", "..\Bifrost.CommonServiceLocator\Bifrost.CommonServiceLocator.csproj", "{37B098BB-C227-407E-9E63-C6A06C734AD5}"
EndProject
Project("{FAE04EC0-301F-11D3-BF4B-00C04F79EFBC}") = "Bifrost.NHibernate.Specs", "..\Bifrost.NHibernate.Specs\Bifrost.NHibernate.Specs.csproj", "{60F8A99E-A57B-4776-B2DF-76347F0F4DF9}"
EndProject
Project("{FAE04EC0-301F-11D3-BF4B-00C04F79EFBC}") = "Bifrost.Testing", "..\Bifrost.Testing\Bifrost.Testing.csproj", "{47835DE6-FA79-4888-83B6-F6891891CBB0}"
EndProject
Project("{FAE04EC0-301F-11D3-BF4B-00C04F79EFBC}") = "Bifrost.Oracle", "..\Bifrost.Oracle\Bifrost.Oracle.csproj", "{DBA4A283-797B-4FD0-ACA5-F58350BA6105}"
EndProject
Project("{FAE04EC0-301F-11D3-BF4B-00C04F79EFBC}") = "Bifrost.Mimir.Read", "..\Bifrost.Mimir.Read\Bifrost.Mimir.Read.csproj", "{0527B124-4719-4358-9214-83858E0353DB}"
EndProject
Project("{FAE04EC0-301F-11D3-BF4B-00C04F79EFBC}") = "Bifrost.Mimir.Read.Specs", "..\Bifrost.Mimir.Read.Specs\Bifrost.Mimir.Read.Specs.csproj", "{2170368C-1936-4609-9813-4BD76D8ABECA}"
EndProject
Project("{FAE04EC0-301F-11D3-BF4B-00C04F79EFBC}") = "Bifrost.StructureMap", "..\Bifrost.StructureMap\Bifrost.StructureMap.csproj", "{AF8CCD5B-E42A-41A7-B98B-3CE11188A54D}"
EndProject
Project("{2150E333-8FDC-42A3-9474-1A3956D46DE8}") = "Solution Items", "Solution Items", "{BCCAEC2C-A560-4850-A317-B7E1EF25E15D}"
	ProjectSection(SolutionItems) = preProject
		..\Common\CommonAssemblyInfo.cs = ..\Common\CommonAssemblyInfo.cs
		..\CreateBifrostPackages.bat = ..\CreateBifrostPackages.bat
		..\PushToNuget.bat = ..\PushToNuget.bat
	EndProjectSection
EndProject
Project("{2150E333-8FDC-42A3-9474-1A3956D46DE8}") = "Samples", "Samples", "{ADBBEFA5-7DC6-43B7-8DE3-D66F529AAE1C}"
EndProject
Project("{FAE04EC0-301F-11D3-BF4B-00C04F79EFBC}") = "Bifrost.QuickStart", "..\Bifrost.QuickStart\Bifrost.QuickStart.csproj", "{9E87D7C6-65C2-4FAD-81FF-FDC7F0400384}"
EndProject
Project("{FAE04EC0-301F-11D3-BF4B-00C04F79EFBC}") = "Bifrost.Default", "..\Bifrost.Default\Bifrost.Default.csproj", "{D8A3E244-AC49-4372-8C03-F5AA3107BD80}"
EndProject
Project("{FAE04EC0-301F-11D3-BF4B-00C04F79EFBC}") = "Bifrost.Autofac", "..\Bifrost.Autofac\Bifrost.Autofac.csproj", "{26ECC23C-4139-4167-9DED-00002E5D9570}"
EndProject
Project("{FAE04EC0-301F-11D3-BF4B-00C04F79EFBC}") = "Bifrost.DocumentDB", "..\Bifrost.DocumentDB\Bifrost.DocumentDB.csproj", "{8DB73E9B-8AE1-4341-8DF8-469C578A150D}"
EndProject
Project("{FAE04EC0-301F-11D3-BF4B-00C04F79EFBC}") = "Bifrost.FluentValidation", "..\Bifrost.FluentValidation\Bifrost.FluentValidation.csproj", "{E7507338-7499-4046-8A9E-76D100974E82}"
EndProject
Project("{FAE04EC0-301F-11D3-BF4B-00C04F79EFBC}") = "Bifrost.FluentValidation.Specs", "..\Bifrost.FluentValidation.Specs\Bifrost.FluentValidation.Specs.csproj", "{53CDDC70-4541-4E9E-A2F4-95AFD556AC40}"
EndProject
Project("{FAE04EC0-301F-11D3-BF4B-00C04F79EFBC}") = "Bifrost.SimpleInjector", "..\Bifrost.SimpleInjector\Bifrost.SimpleInjector.csproj", "{AF3E39EB-5A28-46D7-8ECA-A5BD2D692D2F}"
EndProject
Global
	GlobalSection(SolutionConfigurationPlatforms) = preSolution
		Debug|Any CPU = Debug|Any CPU
		Debug|ARM = Debug|ARM
		Debug|Mixed Platforms = Debug|Mixed Platforms
		Debug|x64 = Debug|x64
		Debug|x86 = Debug|x86
		Release|Any CPU = Release|Any CPU
		Release|ARM = Release|ARM
		Release|Mixed Platforms = Release|Mixed Platforms
		Release|x64 = Release|x64
		Release|x86 = Release|x86
	EndGlobalSection
	GlobalSection(ProjectConfigurationPlatforms) = postSolution
		{FB310720-CD89-44B6-BD54-7861F65D8466}.Debug|Any CPU.ActiveCfg = Debug|Any CPU
		{FB310720-CD89-44B6-BD54-7861F65D8466}.Debug|Any CPU.Build.0 = Debug|Any CPU
		{FB310720-CD89-44B6-BD54-7861F65D8466}.Debug|ARM.ActiveCfg = Debug|Any CPU
		{FB310720-CD89-44B6-BD54-7861F65D8466}.Debug|Mixed Platforms.ActiveCfg = Debug|Any CPU
		{FB310720-CD89-44B6-BD54-7861F65D8466}.Debug|Mixed Platforms.Build.0 = Debug|Any CPU
		{FB310720-CD89-44B6-BD54-7861F65D8466}.Debug|x64.ActiveCfg = Debug|Any CPU
		{FB310720-CD89-44B6-BD54-7861F65D8466}.Debug|x86.ActiveCfg = Debug|Any CPU
		{FB310720-CD89-44B6-BD54-7861F65D8466}.Release|Any CPU.ActiveCfg = Release|Any CPU
		{FB310720-CD89-44B6-BD54-7861F65D8466}.Release|Any CPU.Build.0 = Release|Any CPU
		{FB310720-CD89-44B6-BD54-7861F65D8466}.Release|ARM.ActiveCfg = Release|Any CPU
		{FB310720-CD89-44B6-BD54-7861F65D8466}.Release|Mixed Platforms.ActiveCfg = Release|Any CPU
		{FB310720-CD89-44B6-BD54-7861F65D8466}.Release|Mixed Platforms.Build.0 = Release|Any CPU
		{FB310720-CD89-44B6-BD54-7861F65D8466}.Release|x64.ActiveCfg = Release|Any CPU
		{FB310720-CD89-44B6-BD54-7861F65D8466}.Release|x86.ActiveCfg = Release|Any CPU
		{CDAA9409-34B1-4B02-B079-19427E77A3B0}.Debug|Any CPU.ActiveCfg = Debug|Any CPU
		{CDAA9409-34B1-4B02-B079-19427E77A3B0}.Debug|Any CPU.Build.0 = Debug|Any CPU
		{CDAA9409-34B1-4B02-B079-19427E77A3B0}.Debug|ARM.ActiveCfg = Debug|Any CPU
		{CDAA9409-34B1-4B02-B079-19427E77A3B0}.Debug|Mixed Platforms.ActiveCfg = Debug|Any CPU
		{CDAA9409-34B1-4B02-B079-19427E77A3B0}.Debug|Mixed Platforms.Build.0 = Debug|Any CPU
		{CDAA9409-34B1-4B02-B079-19427E77A3B0}.Debug|x64.ActiveCfg = Debug|Any CPU
		{CDAA9409-34B1-4B02-B079-19427E77A3B0}.Debug|x86.ActiveCfg = Debug|Any CPU
		{CDAA9409-34B1-4B02-B079-19427E77A3B0}.Release|Any CPU.ActiveCfg = Release|Any CPU
		{CDAA9409-34B1-4B02-B079-19427E77A3B0}.Release|Any CPU.Build.0 = Release|Any CPU
		{CDAA9409-34B1-4B02-B079-19427E77A3B0}.Release|ARM.ActiveCfg = Release|Any CPU
		{CDAA9409-34B1-4B02-B079-19427E77A3B0}.Release|Mixed Platforms.ActiveCfg = Release|Any CPU
		{CDAA9409-34B1-4B02-B079-19427E77A3B0}.Release|Mixed Platforms.Build.0 = Release|Any CPU
		{CDAA9409-34B1-4B02-B079-19427E77A3B0}.Release|x64.ActiveCfg = Release|Any CPU
		{CDAA9409-34B1-4B02-B079-19427E77A3B0}.Release|x86.ActiveCfg = Release|Any CPU
		{3AD8BA49-6972-42B2-81F5-0D45C626F1DF}.Debug|Any CPU.ActiveCfg = Debug|Any CPU
		{3AD8BA49-6972-42B2-81F5-0D45C626F1DF}.Debug|Any CPU.Build.0 = Debug|Any CPU
		{3AD8BA49-6972-42B2-81F5-0D45C626F1DF}.Debug|ARM.ActiveCfg = Debug|Any CPU
		{3AD8BA49-6972-42B2-81F5-0D45C626F1DF}.Debug|Mixed Platforms.ActiveCfg = Debug|Any CPU
		{3AD8BA49-6972-42B2-81F5-0D45C626F1DF}.Debug|Mixed Platforms.Build.0 = Debug|Any CPU
		{3AD8BA49-6972-42B2-81F5-0D45C626F1DF}.Debug|x64.ActiveCfg = Debug|Any CPU
		{3AD8BA49-6972-42B2-81F5-0D45C626F1DF}.Debug|x86.ActiveCfg = Debug|Any CPU
		{3AD8BA49-6972-42B2-81F5-0D45C626F1DF}.Release|Any CPU.ActiveCfg = Release|Any CPU
		{3AD8BA49-6972-42B2-81F5-0D45C626F1DF}.Release|Any CPU.Build.0 = Release|Any CPU
		{3AD8BA49-6972-42B2-81F5-0D45C626F1DF}.Release|ARM.ActiveCfg = Release|Any CPU
		{3AD8BA49-6972-42B2-81F5-0D45C626F1DF}.Release|Mixed Platforms.ActiveCfg = Release|Any CPU
		{3AD8BA49-6972-42B2-81F5-0D45C626F1DF}.Release|Mixed Platforms.Build.0 = Release|Any CPU
		{3AD8BA49-6972-42B2-81F5-0D45C626F1DF}.Release|x64.ActiveCfg = Release|Any CPU
		{3AD8BA49-6972-42B2-81F5-0D45C626F1DF}.Release|x86.ActiveCfg = Release|Any CPU
		{73FFB713-2878-4C17-8D5B-E22AF8DE89C5}.Debug|Any CPU.ActiveCfg = Debug|Any CPU
		{73FFB713-2878-4C17-8D5B-E22AF8DE89C5}.Debug|Any CPU.Build.0 = Debug|Any CPU
		{73FFB713-2878-4C17-8D5B-E22AF8DE89C5}.Debug|ARM.ActiveCfg = Debug|Any CPU
		{73FFB713-2878-4C17-8D5B-E22AF8DE89C5}.Debug|Mixed Platforms.ActiveCfg = Debug|Any CPU
		{73FFB713-2878-4C17-8D5B-E22AF8DE89C5}.Debug|Mixed Platforms.Build.0 = Debug|Any CPU
		{73FFB713-2878-4C17-8D5B-E22AF8DE89C5}.Debug|x64.ActiveCfg = Debug|Any CPU
		{73FFB713-2878-4C17-8D5B-E22AF8DE89C5}.Debug|x86.ActiveCfg = Debug|Any CPU
		{73FFB713-2878-4C17-8D5B-E22AF8DE89C5}.Release|Any CPU.ActiveCfg = Release|Any CPU
		{73FFB713-2878-4C17-8D5B-E22AF8DE89C5}.Release|Any CPU.Build.0 = Release|Any CPU
		{73FFB713-2878-4C17-8D5B-E22AF8DE89C5}.Release|ARM.ActiveCfg = Release|Any CPU
		{73FFB713-2878-4C17-8D5B-E22AF8DE89C5}.Release|Mixed Platforms.ActiveCfg = Release|Any CPU
		{73FFB713-2878-4C17-8D5B-E22AF8DE89C5}.Release|Mixed Platforms.Build.0 = Release|Any CPU
		{73FFB713-2878-4C17-8D5B-E22AF8DE89C5}.Release|x64.ActiveCfg = Release|Any CPU
		{73FFB713-2878-4C17-8D5B-E22AF8DE89C5}.Release|x86.ActiveCfg = Release|Any CPU
		{FFE4E208-67F2-47B5-AA92-BA35AB3F4730}.Debug|Any CPU.ActiveCfg = Debug|Any CPU
		{FFE4E208-67F2-47B5-AA92-BA35AB3F4730}.Debug|Any CPU.Build.0 = Debug|Any CPU
		{FFE4E208-67F2-47B5-AA92-BA35AB3F4730}.Debug|ARM.ActiveCfg = Debug|Any CPU
		{FFE4E208-67F2-47B5-AA92-BA35AB3F4730}.Debug|Mixed Platforms.ActiveCfg = Debug|Any CPU
		{FFE4E208-67F2-47B5-AA92-BA35AB3F4730}.Debug|Mixed Platforms.Build.0 = Debug|Any CPU
		{FFE4E208-67F2-47B5-AA92-BA35AB3F4730}.Debug|x64.ActiveCfg = Debug|Any CPU
		{FFE4E208-67F2-47B5-AA92-BA35AB3F4730}.Debug|x86.ActiveCfg = Debug|Any CPU
		{FFE4E208-67F2-47B5-AA92-BA35AB3F4730}.Release|Any CPU.ActiveCfg = Release|Any CPU
		{FFE4E208-67F2-47B5-AA92-BA35AB3F4730}.Release|Any CPU.Build.0 = Release|Any CPU
		{FFE4E208-67F2-47B5-AA92-BA35AB3F4730}.Release|ARM.ActiveCfg = Release|Any CPU
		{FFE4E208-67F2-47B5-AA92-BA35AB3F4730}.Release|Mixed Platforms.ActiveCfg = Release|Any CPU
		{FFE4E208-67F2-47B5-AA92-BA35AB3F4730}.Release|Mixed Platforms.Build.0 = Release|Any CPU
		{FFE4E208-67F2-47B5-AA92-BA35AB3F4730}.Release|x64.ActiveCfg = Release|Any CPU
		{FFE4E208-67F2-47B5-AA92-BA35AB3F4730}.Release|x86.ActiveCfg = Release|Any CPU
		{DB77EB6A-DB79-4839-AB30-90593BCE470F}.Debug|Any CPU.ActiveCfg = Debug|Any CPU
		{DB77EB6A-DB79-4839-AB30-90593BCE470F}.Debug|Any CPU.Build.0 = Debug|Any CPU
		{DB77EB6A-DB79-4839-AB30-90593BCE470F}.Debug|ARM.ActiveCfg = Debug|Any CPU
		{DB77EB6A-DB79-4839-AB30-90593BCE470F}.Debug|Mixed Platforms.ActiveCfg = Debug|Any CPU
		{DB77EB6A-DB79-4839-AB30-90593BCE470F}.Debug|Mixed Platforms.Build.0 = Debug|Any CPU
		{DB77EB6A-DB79-4839-AB30-90593BCE470F}.Debug|x64.ActiveCfg = Debug|Any CPU
		{DB77EB6A-DB79-4839-AB30-90593BCE470F}.Debug|x86.ActiveCfg = Debug|Any CPU
		{DB77EB6A-DB79-4839-AB30-90593BCE470F}.Release|Any CPU.ActiveCfg = Release|Any CPU
		{DB77EB6A-DB79-4839-AB30-90593BCE470F}.Release|Any CPU.Build.0 = Release|Any CPU
		{DB77EB6A-DB79-4839-AB30-90593BCE470F}.Release|ARM.ActiveCfg = Release|Any CPU
		{DB77EB6A-DB79-4839-AB30-90593BCE470F}.Release|Mixed Platforms.ActiveCfg = Release|Any CPU
		{DB77EB6A-DB79-4839-AB30-90593BCE470F}.Release|Mixed Platforms.Build.0 = Release|Any CPU
		{DB77EB6A-DB79-4839-AB30-90593BCE470F}.Release|x64.ActiveCfg = Release|Any CPU
		{DB77EB6A-DB79-4839-AB30-90593BCE470F}.Release|x86.ActiveCfg = Release|Any CPU
		{3EE03158-1BE0-470C-85FB-E673CD5FC9E1}.Debug|Any CPU.ActiveCfg = Debug|Any CPU
		{3EE03158-1BE0-470C-85FB-E673CD5FC9E1}.Debug|Any CPU.Build.0 = Debug|Any CPU
		{3EE03158-1BE0-470C-85FB-E673CD5FC9E1}.Debug|ARM.ActiveCfg = Debug|Any CPU
		{3EE03158-1BE0-470C-85FB-E673CD5FC9E1}.Debug|Mixed Platforms.ActiveCfg = Debug|Any CPU
		{3EE03158-1BE0-470C-85FB-E673CD5FC9E1}.Debug|Mixed Platforms.Build.0 = Debug|Any CPU
		{3EE03158-1BE0-470C-85FB-E673CD5FC9E1}.Debug|x64.ActiveCfg = Debug|Any CPU
		{3EE03158-1BE0-470C-85FB-E673CD5FC9E1}.Debug|x86.ActiveCfg = Debug|Any CPU
		{3EE03158-1BE0-470C-85FB-E673CD5FC9E1}.Release|Any CPU.ActiveCfg = Release|Any CPU
		{3EE03158-1BE0-470C-85FB-E673CD5FC9E1}.Release|Any CPU.Build.0 = Release|Any CPU
		{3EE03158-1BE0-470C-85FB-E673CD5FC9E1}.Release|ARM.ActiveCfg = Release|Any CPU
		{3EE03158-1BE0-470C-85FB-E673CD5FC9E1}.Release|Mixed Platforms.ActiveCfg = Release|Any CPU
		{3EE03158-1BE0-470C-85FB-E673CD5FC9E1}.Release|Mixed Platforms.Build.0 = Release|Any CPU
		{3EE03158-1BE0-470C-85FB-E673CD5FC9E1}.Release|x64.ActiveCfg = Release|Any CPU
		{3EE03158-1BE0-470C-85FB-E673CD5FC9E1}.Release|x86.ActiveCfg = Release|Any CPU
		{4CDE2CC3-5D02-431B-BCCE-E332B9FDD665}.Debug|Any CPU.ActiveCfg = Debug|Any CPU
		{4CDE2CC3-5D02-431B-BCCE-E332B9FDD665}.Debug|Any CPU.Build.0 = Debug|Any CPU
		{4CDE2CC3-5D02-431B-BCCE-E332B9FDD665}.Debug|ARM.ActiveCfg = Debug|Any CPU
		{4CDE2CC3-5D02-431B-BCCE-E332B9FDD665}.Debug|Mixed Platforms.ActiveCfg = Debug|Any CPU
		{4CDE2CC3-5D02-431B-BCCE-E332B9FDD665}.Debug|Mixed Platforms.Build.0 = Debug|Any CPU
		{4CDE2CC3-5D02-431B-BCCE-E332B9FDD665}.Debug|x64.ActiveCfg = Debug|Any CPU
		{4CDE2CC3-5D02-431B-BCCE-E332B9FDD665}.Debug|x86.ActiveCfg = Debug|Any CPU
		{4CDE2CC3-5D02-431B-BCCE-E332B9FDD665}.Release|Any CPU.ActiveCfg = Release|Any CPU
		{4CDE2CC3-5D02-431B-BCCE-E332B9FDD665}.Release|Any CPU.Build.0 = Release|Any CPU
		{4CDE2CC3-5D02-431B-BCCE-E332B9FDD665}.Release|ARM.ActiveCfg = Release|Any CPU
		{4CDE2CC3-5D02-431B-BCCE-E332B9FDD665}.Release|Mixed Platforms.ActiveCfg = Release|Any CPU
		{4CDE2CC3-5D02-431B-BCCE-E332B9FDD665}.Release|Mixed Platforms.Build.0 = Release|Any CPU
		{4CDE2CC3-5D02-431B-BCCE-E332B9FDD665}.Release|x64.ActiveCfg = Release|Any CPU
		{4CDE2CC3-5D02-431B-BCCE-E332B9FDD665}.Release|x86.ActiveCfg = Release|Any CPU
		{63BBC1F3-E5E0-4902-BADF-1589F91C0BEA}.Debug|Any CPU.ActiveCfg = Debug|Any CPU
		{63BBC1F3-E5E0-4902-BADF-1589F91C0BEA}.Debug|Any CPU.Build.0 = Debug|Any CPU
		{63BBC1F3-E5E0-4902-BADF-1589F91C0BEA}.Debug|ARM.ActiveCfg = Debug|Any CPU
		{63BBC1F3-E5E0-4902-BADF-1589F91C0BEA}.Debug|Mixed Platforms.ActiveCfg = Debug|Any CPU
		{63BBC1F3-E5E0-4902-BADF-1589F91C0BEA}.Debug|Mixed Platforms.Build.0 = Debug|Any CPU
		{63BBC1F3-E5E0-4902-BADF-1589F91C0BEA}.Debug|x64.ActiveCfg = Debug|Any CPU
		{63BBC1F3-E5E0-4902-BADF-1589F91C0BEA}.Debug|x86.ActiveCfg = Debug|Any CPU
		{63BBC1F3-E5E0-4902-BADF-1589F91C0BEA}.Release|Any CPU.ActiveCfg = Release|Any CPU
		{63BBC1F3-E5E0-4902-BADF-1589F91C0BEA}.Release|Any CPU.Build.0 = Release|Any CPU
		{63BBC1F3-E5E0-4902-BADF-1589F91C0BEA}.Release|ARM.ActiveCfg = Release|Any CPU
		{63BBC1F3-E5E0-4902-BADF-1589F91C0BEA}.Release|Mixed Platforms.ActiveCfg = Release|Any CPU
		{63BBC1F3-E5E0-4902-BADF-1589F91C0BEA}.Release|Mixed Platforms.Build.0 = Release|Any CPU
		{63BBC1F3-E5E0-4902-BADF-1589F91C0BEA}.Release|x64.ActiveCfg = Release|Any CPU
		{63BBC1F3-E5E0-4902-BADF-1589F91C0BEA}.Release|x86.ActiveCfg = Release|Any CPU
		{0F449F28-D18B-4D52-B444-A18546F82FE6}.Debug|Any CPU.ActiveCfg = Debug|Any CPU
		{0F449F28-D18B-4D52-B444-A18546F82FE6}.Debug|Any CPU.Build.0 = Debug|Any CPU
		{0F449F28-D18B-4D52-B444-A18546F82FE6}.Debug|ARM.ActiveCfg = Debug|Any CPU
		{0F449F28-D18B-4D52-B444-A18546F82FE6}.Debug|Mixed Platforms.ActiveCfg = Debug|Any CPU
		{0F449F28-D18B-4D52-B444-A18546F82FE6}.Debug|Mixed Platforms.Build.0 = Debug|Any CPU
		{0F449F28-D18B-4D52-B444-A18546F82FE6}.Debug|x64.ActiveCfg = Debug|Any CPU
		{0F449F28-D18B-4D52-B444-A18546F82FE6}.Debug|x86.ActiveCfg = Debug|Any CPU
		{0F449F28-D18B-4D52-B444-A18546F82FE6}.Release|Any CPU.ActiveCfg = Release|Any CPU
		{0F449F28-D18B-4D52-B444-A18546F82FE6}.Release|Any CPU.Build.0 = Release|Any CPU
		{0F449F28-D18B-4D52-B444-A18546F82FE6}.Release|ARM.ActiveCfg = Release|Any CPU
		{0F449F28-D18B-4D52-B444-A18546F82FE6}.Release|Mixed Platforms.ActiveCfg = Release|Any CPU
		{0F449F28-D18B-4D52-B444-A18546F82FE6}.Release|Mixed Platforms.Build.0 = Release|Any CPU
		{0F449F28-D18B-4D52-B444-A18546F82FE6}.Release|x64.ActiveCfg = Release|Any CPU
		{0F449F28-D18B-4D52-B444-A18546F82FE6}.Release|x86.ActiveCfg = Release|Any CPU
		{D3B18D07-0B19-4CDE-8A32-33F69C404C03}.Debug|Any CPU.ActiveCfg = Debug|Any CPU
		{D3B18D07-0B19-4CDE-8A32-33F69C404C03}.Debug|Any CPU.Build.0 = Debug|Any CPU
		{D3B18D07-0B19-4CDE-8A32-33F69C404C03}.Debug|ARM.ActiveCfg = Debug|Any CPU
		{D3B18D07-0B19-4CDE-8A32-33F69C404C03}.Debug|Mixed Platforms.ActiveCfg = Debug|Any CPU
		{D3B18D07-0B19-4CDE-8A32-33F69C404C03}.Debug|Mixed Platforms.Build.0 = Debug|Any CPU
		{D3B18D07-0B19-4CDE-8A32-33F69C404C03}.Debug|x64.ActiveCfg = Debug|Any CPU
		{D3B18D07-0B19-4CDE-8A32-33F69C404C03}.Debug|x86.ActiveCfg = Debug|Any CPU
		{D3B18D07-0B19-4CDE-8A32-33F69C404C03}.Release|Any CPU.ActiveCfg = Release|Any CPU
		{D3B18D07-0B19-4CDE-8A32-33F69C404C03}.Release|Any CPU.Build.0 = Release|Any CPU
		{D3B18D07-0B19-4CDE-8A32-33F69C404C03}.Release|ARM.ActiveCfg = Release|Any CPU
		{D3B18D07-0B19-4CDE-8A32-33F69C404C03}.Release|Mixed Platforms.ActiveCfg = Release|Any CPU
		{D3B18D07-0B19-4CDE-8A32-33F69C404C03}.Release|Mixed Platforms.Build.0 = Release|Any CPU
		{D3B18D07-0B19-4CDE-8A32-33F69C404C03}.Release|x64.ActiveCfg = Release|Any CPU
		{D3B18D07-0B19-4CDE-8A32-33F69C404C03}.Release|x86.ActiveCfg = Release|Any CPU
		{15567D0A-4DAF-49CD-9F8F-4FA94AD889D3}.Debug|Any CPU.ActiveCfg = Debug|Any CPU
		{15567D0A-4DAF-49CD-9F8F-4FA94AD889D3}.Debug|ARM.ActiveCfg = Debug|Any CPU
		{15567D0A-4DAF-49CD-9F8F-4FA94AD889D3}.Debug|Mixed Platforms.ActiveCfg = Debug|Any CPU
		{15567D0A-4DAF-49CD-9F8F-4FA94AD889D3}.Debug|Mixed Platforms.Build.0 = Debug|Any CPU
		{15567D0A-4DAF-49CD-9F8F-4FA94AD889D3}.Debug|x64.ActiveCfg = Debug|Any CPU
		{15567D0A-4DAF-49CD-9F8F-4FA94AD889D3}.Debug|x86.ActiveCfg = Debug|Any CPU
		{15567D0A-4DAF-49CD-9F8F-4FA94AD889D3}.Release|Any CPU.ActiveCfg = Release|Any CPU
		{15567D0A-4DAF-49CD-9F8F-4FA94AD889D3}.Release|ARM.ActiveCfg = Release|Any CPU
		{15567D0A-4DAF-49CD-9F8F-4FA94AD889D3}.Release|Mixed Platforms.ActiveCfg = Release|Any CPU
		{15567D0A-4DAF-49CD-9F8F-4FA94AD889D3}.Release|Mixed Platforms.Build.0 = Release|Any CPU
		{15567D0A-4DAF-49CD-9F8F-4FA94AD889D3}.Release|x64.ActiveCfg = Release|Any CPU
		{15567D0A-4DAF-49CD-9F8F-4FA94AD889D3}.Release|x86.ActiveCfg = Release|Any CPU
		{F3E029DC-EBEB-492F-9CA0-D26DB9F82064}.Debug|Any CPU.ActiveCfg = Debug|Any CPU
		{F3E029DC-EBEB-492F-9CA0-D26DB9F82064}.Debug|ARM.ActiveCfg = Debug|Any CPU
		{F3E029DC-EBEB-492F-9CA0-D26DB9F82064}.Debug|Mixed Platforms.ActiveCfg = Debug|Any CPU
		{F3E029DC-EBEB-492F-9CA0-D26DB9F82064}.Debug|x64.ActiveCfg = Debug|Any CPU
		{F3E029DC-EBEB-492F-9CA0-D26DB9F82064}.Debug|x86.ActiveCfg = Debug|Any CPU
		{F3E029DC-EBEB-492F-9CA0-D26DB9F82064}.Release|Any CPU.ActiveCfg = Release|Any CPU
		{F3E029DC-EBEB-492F-9CA0-D26DB9F82064}.Release|ARM.ActiveCfg = Release|Any CPU
		{F3E029DC-EBEB-492F-9CA0-D26DB9F82064}.Release|Mixed Platforms.ActiveCfg = Release|Any CPU
		{F3E029DC-EBEB-492F-9CA0-D26DB9F82064}.Release|Mixed Platforms.Build.0 = Release|Any CPU
		{F3E029DC-EBEB-492F-9CA0-D26DB9F82064}.Release|x64.ActiveCfg = Release|Any CPU
		{F3E029DC-EBEB-492F-9CA0-D26DB9F82064}.Release|x86.ActiveCfg = Release|Any CPU
		{0A748BD3-97DD-4C57-8069-4E36656C0A1A}.Debug|Any CPU.ActiveCfg = Debug|Any CPU
		{0A748BD3-97DD-4C57-8069-4E36656C0A1A}.Debug|Any CPU.Build.0 = Debug|Any CPU
		{0A748BD3-97DD-4C57-8069-4E36656C0A1A}.Debug|ARM.ActiveCfg = Debug|Any CPU
		{0A748BD3-97DD-4C57-8069-4E36656C0A1A}.Debug|Mixed Platforms.ActiveCfg = Debug|Any CPU
		{0A748BD3-97DD-4C57-8069-4E36656C0A1A}.Debug|Mixed Platforms.Build.0 = Debug|Any CPU
		{0A748BD3-97DD-4C57-8069-4E36656C0A1A}.Debug|x64.ActiveCfg = Debug|Any CPU
		{0A748BD3-97DD-4C57-8069-4E36656C0A1A}.Debug|x86.ActiveCfg = Debug|Any CPU
		{0A748BD3-97DD-4C57-8069-4E36656C0A1A}.Release|Any CPU.ActiveCfg = Release|Any CPU
		{0A748BD3-97DD-4C57-8069-4E36656C0A1A}.Release|Any CPU.Build.0 = Release|Any CPU
		{0A748BD3-97DD-4C57-8069-4E36656C0A1A}.Release|ARM.ActiveCfg = Release|Any CPU
		{0A748BD3-97DD-4C57-8069-4E36656C0A1A}.Release|Mixed Platforms.ActiveCfg = Release|Any CPU
		{0A748BD3-97DD-4C57-8069-4E36656C0A1A}.Release|Mixed Platforms.Build.0 = Release|Any CPU
		{0A748BD3-97DD-4C57-8069-4E36656C0A1A}.Release|x64.ActiveCfg = Release|Any CPU
		{0A748BD3-97DD-4C57-8069-4E36656C0A1A}.Release|x86.ActiveCfg = Release|Any CPU
		{E066FF5C-A61E-48CD-AAF5-5A490F5C6F3D}.Debug|Any CPU.ActiveCfg = Debug|Any CPU
		{E066FF5C-A61E-48CD-AAF5-5A490F5C6F3D}.Debug|Any CPU.Build.0 = Debug|Any CPU
		{E066FF5C-A61E-48CD-AAF5-5A490F5C6F3D}.Debug|ARM.ActiveCfg = Debug|Any CPU
		{E066FF5C-A61E-48CD-AAF5-5A490F5C6F3D}.Debug|Mixed Platforms.ActiveCfg = Debug|Any CPU
		{E066FF5C-A61E-48CD-AAF5-5A490F5C6F3D}.Debug|Mixed Platforms.Build.0 = Debug|Any CPU
		{E066FF5C-A61E-48CD-AAF5-5A490F5C6F3D}.Debug|x64.ActiveCfg = Debug|Any CPU
		{E066FF5C-A61E-48CD-AAF5-5A490F5C6F3D}.Debug|x86.ActiveCfg = Debug|Any CPU
		{E066FF5C-A61E-48CD-AAF5-5A490F5C6F3D}.Release|Any CPU.ActiveCfg = Release|Any CPU
		{E066FF5C-A61E-48CD-AAF5-5A490F5C6F3D}.Release|Any CPU.Build.0 = Release|Any CPU
		{E066FF5C-A61E-48CD-AAF5-5A490F5C6F3D}.Release|ARM.ActiveCfg = Release|Any CPU
		{E066FF5C-A61E-48CD-AAF5-5A490F5C6F3D}.Release|Mixed Platforms.ActiveCfg = Release|Any CPU
		{E066FF5C-A61E-48CD-AAF5-5A490F5C6F3D}.Release|Mixed Platforms.Build.0 = Release|Any CPU
		{E066FF5C-A61E-48CD-AAF5-5A490F5C6F3D}.Release|x64.ActiveCfg = Release|Any CPU
		{E066FF5C-A61E-48CD-AAF5-5A490F5C6F3D}.Release|x86.ActiveCfg = Release|Any CPU
		{7048A168-BF11-48C1-886E-39DBF2EB8B04}.Debug|Any CPU.ActiveCfg = Debug|Any CPU
		{7048A168-BF11-48C1-886E-39DBF2EB8B04}.Debug|Any CPU.Build.0 = Debug|Any CPU
		{7048A168-BF11-48C1-886E-39DBF2EB8B04}.Debug|ARM.ActiveCfg = Debug|Any CPU
		{7048A168-BF11-48C1-886E-39DBF2EB8B04}.Debug|Mixed Platforms.ActiveCfg = Debug|Any CPU
		{7048A168-BF11-48C1-886E-39DBF2EB8B04}.Debug|Mixed Platforms.Build.0 = Debug|Any CPU
		{7048A168-BF11-48C1-886E-39DBF2EB8B04}.Debug|x64.ActiveCfg = Debug|Any CPU
		{7048A168-BF11-48C1-886E-39DBF2EB8B04}.Debug|x86.ActiveCfg = Debug|Any CPU
		{7048A168-BF11-48C1-886E-39DBF2EB8B04}.Release|Any CPU.ActiveCfg = Release|Any CPU
		{7048A168-BF11-48C1-886E-39DBF2EB8B04}.Release|Any CPU.Build.0 = Release|Any CPU
		{7048A168-BF11-48C1-886E-39DBF2EB8B04}.Release|ARM.ActiveCfg = Release|Any CPU
		{7048A168-BF11-48C1-886E-39DBF2EB8B04}.Release|Mixed Platforms.ActiveCfg = Release|Any CPU
		{7048A168-BF11-48C1-886E-39DBF2EB8B04}.Release|Mixed Platforms.Build.0 = Release|Any CPU
		{7048A168-BF11-48C1-886E-39DBF2EB8B04}.Release|x64.ActiveCfg = Release|Any CPU
		{7048A168-BF11-48C1-886E-39DBF2EB8B04}.Release|x86.ActiveCfg = Release|Any CPU
		{ACFBFE97-27FE-4D3C-B5F6-B5CBC24F9EF3}.Debug|Any CPU.ActiveCfg = Debug|Any CPU
		{ACFBFE97-27FE-4D3C-B5F6-B5CBC24F9EF3}.Debug|Any CPU.Build.0 = Debug|Any CPU
		{ACFBFE97-27FE-4D3C-B5F6-B5CBC24F9EF3}.Debug|ARM.ActiveCfg = Debug|Any CPU
		{ACFBFE97-27FE-4D3C-B5F6-B5CBC24F9EF3}.Debug|Mixed Platforms.ActiveCfg = Debug|Any CPU
		{ACFBFE97-27FE-4D3C-B5F6-B5CBC24F9EF3}.Debug|Mixed Platforms.Build.0 = Debug|Any CPU
		{ACFBFE97-27FE-4D3C-B5F6-B5CBC24F9EF3}.Debug|x64.ActiveCfg = Debug|Any CPU
		{ACFBFE97-27FE-4D3C-B5F6-B5CBC24F9EF3}.Debug|x86.ActiveCfg = Debug|Any CPU
		{ACFBFE97-27FE-4D3C-B5F6-B5CBC24F9EF3}.Release|Any CPU.ActiveCfg = Release|Any CPU
		{ACFBFE97-27FE-4D3C-B5F6-B5CBC24F9EF3}.Release|Any CPU.Build.0 = Release|Any CPU
		{ACFBFE97-27FE-4D3C-B5F6-B5CBC24F9EF3}.Release|ARM.ActiveCfg = Release|Any CPU
		{ACFBFE97-27FE-4D3C-B5F6-B5CBC24F9EF3}.Release|Mixed Platforms.ActiveCfg = Release|Any CPU
		{ACFBFE97-27FE-4D3C-B5F6-B5CBC24F9EF3}.Release|Mixed Platforms.Build.0 = Release|Any CPU
		{ACFBFE97-27FE-4D3C-B5F6-B5CBC24F9EF3}.Release|x64.ActiveCfg = Release|Any CPU
		{ACFBFE97-27FE-4D3C-B5F6-B5CBC24F9EF3}.Release|x86.ActiveCfg = Release|Any CPU
		{314E5D80-C9B6-41CD-96AD-E9166D953763}.Debug|Any CPU.ActiveCfg = Debug|Any CPU
		{314E5D80-C9B6-41CD-96AD-E9166D953763}.Debug|Any CPU.Build.0 = Debug|Any CPU
		{314E5D80-C9B6-41CD-96AD-E9166D953763}.Debug|ARM.ActiveCfg = Debug|Any CPU
		{314E5D80-C9B6-41CD-96AD-E9166D953763}.Debug|Mixed Platforms.ActiveCfg = Debug|Any CPU
		{314E5D80-C9B6-41CD-96AD-E9166D953763}.Debug|Mixed Platforms.Build.0 = Debug|Any CPU
		{314E5D80-C9B6-41CD-96AD-E9166D953763}.Debug|x64.ActiveCfg = Debug|Any CPU
		{314E5D80-C9B6-41CD-96AD-E9166D953763}.Debug|x86.ActiveCfg = Debug|Any CPU
		{314E5D80-C9B6-41CD-96AD-E9166D953763}.Release|Any CPU.ActiveCfg = Release|Any CPU
		{314E5D80-C9B6-41CD-96AD-E9166D953763}.Release|Any CPU.Build.0 = Release|Any CPU
		{314E5D80-C9B6-41CD-96AD-E9166D953763}.Release|ARM.ActiveCfg = Release|Any CPU
		{314E5D80-C9B6-41CD-96AD-E9166D953763}.Release|Mixed Platforms.ActiveCfg = Release|Any CPU
		{314E5D80-C9B6-41CD-96AD-E9166D953763}.Release|Mixed Platforms.Build.0 = Release|Any CPU
		{314E5D80-C9B6-41CD-96AD-E9166D953763}.Release|x64.ActiveCfg = Release|Any CPU
		{314E5D80-C9B6-41CD-96AD-E9166D953763}.Release|x86.ActiveCfg = Release|Any CPU
		{C2C2138E-2617-43D6-B552-E0D57FDA7CEA}.Debug|Any CPU.ActiveCfg = Debug|Any CPU
		{C2C2138E-2617-43D6-B552-E0D57FDA7CEA}.Debug|Any CPU.Build.0 = Debug|Any CPU
		{C2C2138E-2617-43D6-B552-E0D57FDA7CEA}.Debug|ARM.ActiveCfg = Debug|Any CPU
		{C2C2138E-2617-43D6-B552-E0D57FDA7CEA}.Debug|Mixed Platforms.ActiveCfg = Debug|Any CPU
		{C2C2138E-2617-43D6-B552-E0D57FDA7CEA}.Debug|Mixed Platforms.Build.0 = Debug|Any CPU
		{C2C2138E-2617-43D6-B552-E0D57FDA7CEA}.Debug|x64.ActiveCfg = Debug|Any CPU
		{C2C2138E-2617-43D6-B552-E0D57FDA7CEA}.Debug|x86.ActiveCfg = Debug|Any CPU
		{C2C2138E-2617-43D6-B552-E0D57FDA7CEA}.Release|Any CPU.ActiveCfg = Release|Any CPU
		{C2C2138E-2617-43D6-B552-E0D57FDA7CEA}.Release|Any CPU.Build.0 = Release|Any CPU
		{C2C2138E-2617-43D6-B552-E0D57FDA7CEA}.Release|ARM.ActiveCfg = Release|Any CPU
		{C2C2138E-2617-43D6-B552-E0D57FDA7CEA}.Release|Mixed Platforms.ActiveCfg = Release|Any CPU
		{C2C2138E-2617-43D6-B552-E0D57FDA7CEA}.Release|Mixed Platforms.Build.0 = Release|Any CPU
		{C2C2138E-2617-43D6-B552-E0D57FDA7CEA}.Release|x64.ActiveCfg = Release|Any CPU
		{C2C2138E-2617-43D6-B552-E0D57FDA7CEA}.Release|x86.ActiveCfg = Release|Any CPU
		{CB331526-55BF-4887-A0D8-EE721B7FCDD7}.Debug|Any CPU.ActiveCfg = Debug|Any CPU
		{CB331526-55BF-4887-A0D8-EE721B7FCDD7}.Debug|Any CPU.Build.0 = Debug|Any CPU
		{CB331526-55BF-4887-A0D8-EE721B7FCDD7}.Debug|ARM.ActiveCfg = Debug|Any CPU
		{CB331526-55BF-4887-A0D8-EE721B7FCDD7}.Debug|Mixed Platforms.ActiveCfg = Debug|Any CPU
		{CB331526-55BF-4887-A0D8-EE721B7FCDD7}.Debug|Mixed Platforms.Build.0 = Debug|Any CPU
		{CB331526-55BF-4887-A0D8-EE721B7FCDD7}.Debug|x64.ActiveCfg = Debug|Any CPU
		{CB331526-55BF-4887-A0D8-EE721B7FCDD7}.Debug|x86.ActiveCfg = Debug|Any CPU
		{CB331526-55BF-4887-A0D8-EE721B7FCDD7}.Release|Any CPU.ActiveCfg = Release|Any CPU
		{CB331526-55BF-4887-A0D8-EE721B7FCDD7}.Release|Any CPU.Build.0 = Release|Any CPU
		{CB331526-55BF-4887-A0D8-EE721B7FCDD7}.Release|ARM.ActiveCfg = Release|Any CPU
		{CB331526-55BF-4887-A0D8-EE721B7FCDD7}.Release|Mixed Platforms.ActiveCfg = Release|Any CPU
		{CB331526-55BF-4887-A0D8-EE721B7FCDD7}.Release|Mixed Platforms.Build.0 = Release|Any CPU
		{CB331526-55BF-4887-A0D8-EE721B7FCDD7}.Release|x64.ActiveCfg = Release|Any CPU
		{CB331526-55BF-4887-A0D8-EE721B7FCDD7}.Release|x86.ActiveCfg = Release|Any CPU
		{48AFEFD5-2AC8-472C-95A7-78147B255236}.Debug|Any CPU.ActiveCfg = Debug|Any CPU
		{48AFEFD5-2AC8-472C-95A7-78147B255236}.Debug|Any CPU.Build.0 = Debug|Any CPU
		{48AFEFD5-2AC8-472C-95A7-78147B255236}.Debug|ARM.ActiveCfg = Debug|Any CPU
		{48AFEFD5-2AC8-472C-95A7-78147B255236}.Debug|Mixed Platforms.ActiveCfg = Debug|Any CPU
		{48AFEFD5-2AC8-472C-95A7-78147B255236}.Debug|Mixed Platforms.Build.0 = Debug|Any CPU
		{48AFEFD5-2AC8-472C-95A7-78147B255236}.Debug|x64.ActiveCfg = Debug|Any CPU
		{48AFEFD5-2AC8-472C-95A7-78147B255236}.Debug|x86.ActiveCfg = Debug|Any CPU
		{48AFEFD5-2AC8-472C-95A7-78147B255236}.Release|Any CPU.ActiveCfg = Release|Any CPU
		{48AFEFD5-2AC8-472C-95A7-78147B255236}.Release|Any CPU.Build.0 = Release|Any CPU
		{48AFEFD5-2AC8-472C-95A7-78147B255236}.Release|ARM.ActiveCfg = Release|Any CPU
		{48AFEFD5-2AC8-472C-95A7-78147B255236}.Release|Mixed Platforms.ActiveCfg = Release|Any CPU
		{48AFEFD5-2AC8-472C-95A7-78147B255236}.Release|Mixed Platforms.Build.0 = Release|Any CPU
		{48AFEFD5-2AC8-472C-95A7-78147B255236}.Release|x64.ActiveCfg = Release|Any CPU
		{48AFEFD5-2AC8-472C-95A7-78147B255236}.Release|x86.ActiveCfg = Release|Any CPU
		{3E9048BC-11C1-4278-ACBF-2B0DBE7EF9F4}.Debug|Any CPU.ActiveCfg = Debug|Any CPU
		{3E9048BC-11C1-4278-ACBF-2B0DBE7EF9F4}.Debug|Any CPU.Build.0 = Debug|Any CPU
		{3E9048BC-11C1-4278-ACBF-2B0DBE7EF9F4}.Debug|ARM.ActiveCfg = Debug|Any CPU
		{3E9048BC-11C1-4278-ACBF-2B0DBE7EF9F4}.Debug|Mixed Platforms.ActiveCfg = Debug|Any CPU
		{3E9048BC-11C1-4278-ACBF-2B0DBE7EF9F4}.Debug|Mixed Platforms.Build.0 = Debug|Any CPU
		{3E9048BC-11C1-4278-ACBF-2B0DBE7EF9F4}.Debug|x64.ActiveCfg = Debug|Any CPU
		{3E9048BC-11C1-4278-ACBF-2B0DBE7EF9F4}.Debug|x86.ActiveCfg = Debug|Any CPU
		{3E9048BC-11C1-4278-ACBF-2B0DBE7EF9F4}.Release|Any CPU.ActiveCfg = Release|Any CPU
		{3E9048BC-11C1-4278-ACBF-2B0DBE7EF9F4}.Release|Any CPU.Build.0 = Release|Any CPU
		{3E9048BC-11C1-4278-ACBF-2B0DBE7EF9F4}.Release|ARM.ActiveCfg = Release|Any CPU
		{3E9048BC-11C1-4278-ACBF-2B0DBE7EF9F4}.Release|Mixed Platforms.ActiveCfg = Release|Any CPU
		{3E9048BC-11C1-4278-ACBF-2B0DBE7EF9F4}.Release|Mixed Platforms.Build.0 = Release|Any CPU
		{3E9048BC-11C1-4278-ACBF-2B0DBE7EF9F4}.Release|x64.ActiveCfg = Release|Any CPU
		{3E9048BC-11C1-4278-ACBF-2B0DBE7EF9F4}.Release|x86.ActiveCfg = Release|Any CPU
		{94792675-44A2-4DD8-8CF2-1771787A097C}.Debug|Any CPU.ActiveCfg = Debug|Any CPU
		{94792675-44A2-4DD8-8CF2-1771787A097C}.Debug|Any CPU.Build.0 = Debug|Any CPU
		{94792675-44A2-4DD8-8CF2-1771787A097C}.Debug|ARM.ActiveCfg = Debug|Any CPU
		{94792675-44A2-4DD8-8CF2-1771787A097C}.Debug|Mixed Platforms.ActiveCfg = Debug|Any CPU
		{94792675-44A2-4DD8-8CF2-1771787A097C}.Debug|Mixed Platforms.Build.0 = Debug|Any CPU
		{94792675-44A2-4DD8-8CF2-1771787A097C}.Debug|x64.ActiveCfg = Debug|Any CPU
		{94792675-44A2-4DD8-8CF2-1771787A097C}.Debug|x86.ActiveCfg = Debug|Any CPU
		{94792675-44A2-4DD8-8CF2-1771787A097C}.Release|Any CPU.ActiveCfg = Release|Any CPU
		{94792675-44A2-4DD8-8CF2-1771787A097C}.Release|Any CPU.Build.0 = Release|Any CPU
		{94792675-44A2-4DD8-8CF2-1771787A097C}.Release|ARM.ActiveCfg = Release|Any CPU
		{94792675-44A2-4DD8-8CF2-1771787A097C}.Release|Mixed Platforms.ActiveCfg = Release|Any CPU
		{94792675-44A2-4DD8-8CF2-1771787A097C}.Release|Mixed Platforms.Build.0 = Release|Any CPU
		{94792675-44A2-4DD8-8CF2-1771787A097C}.Release|x64.ActiveCfg = Release|Any CPU
		{94792675-44A2-4DD8-8CF2-1771787A097C}.Release|x86.ActiveCfg = Release|Any CPU
		{58448401-0B31-48D6-B6EA-D76EF501F902}.Debug|Any CPU.ActiveCfg = Debug|Any CPU
		{58448401-0B31-48D6-B6EA-D76EF501F902}.Debug|Any CPU.Build.0 = Debug|Any CPU
		{58448401-0B31-48D6-B6EA-D76EF501F902}.Debug|ARM.ActiveCfg = Debug|Any CPU
		{58448401-0B31-48D6-B6EA-D76EF501F902}.Debug|Mixed Platforms.ActiveCfg = Debug|Any CPU
		{58448401-0B31-48D6-B6EA-D76EF501F902}.Debug|Mixed Platforms.Build.0 = Debug|Any CPU
		{58448401-0B31-48D6-B6EA-D76EF501F902}.Debug|x64.ActiveCfg = Debug|Any CPU
		{58448401-0B31-48D6-B6EA-D76EF501F902}.Debug|x86.ActiveCfg = Debug|Any CPU
		{58448401-0B31-48D6-B6EA-D76EF501F902}.Release|Any CPU.ActiveCfg = Release|Any CPU
		{58448401-0B31-48D6-B6EA-D76EF501F902}.Release|Any CPU.Build.0 = Release|Any CPU
		{58448401-0B31-48D6-B6EA-D76EF501F902}.Release|ARM.ActiveCfg = Release|Any CPU
		{58448401-0B31-48D6-B6EA-D76EF501F902}.Release|Mixed Platforms.ActiveCfg = Release|Any CPU
		{58448401-0B31-48D6-B6EA-D76EF501F902}.Release|Mixed Platforms.Build.0 = Release|Any CPU
		{58448401-0B31-48D6-B6EA-D76EF501F902}.Release|x64.ActiveCfg = Release|Any CPU
		{58448401-0B31-48D6-B6EA-D76EF501F902}.Release|x86.ActiveCfg = Release|Any CPU
		{37B098BB-C227-407E-9E63-C6A06C734AD5}.Debug|Any CPU.ActiveCfg = Debug|Any CPU
		{37B098BB-C227-407E-9E63-C6A06C734AD5}.Debug|Any CPU.Build.0 = Debug|Any CPU
		{37B098BB-C227-407E-9E63-C6A06C734AD5}.Debug|ARM.ActiveCfg = Debug|Any CPU
		{37B098BB-C227-407E-9E63-C6A06C734AD5}.Debug|Mixed Platforms.ActiveCfg = Debug|Any CPU
		{37B098BB-C227-407E-9E63-C6A06C734AD5}.Debug|Mixed Platforms.Build.0 = Debug|Any CPU
		{37B098BB-C227-407E-9E63-C6A06C734AD5}.Debug|x64.ActiveCfg = Debug|Any CPU
		{37B098BB-C227-407E-9E63-C6A06C734AD5}.Debug|x86.ActiveCfg = Debug|Any CPU
		{37B098BB-C227-407E-9E63-C6A06C734AD5}.Release|Any CPU.ActiveCfg = Release|Any CPU
		{37B098BB-C227-407E-9E63-C6A06C734AD5}.Release|Any CPU.Build.0 = Release|Any CPU
		{37B098BB-C227-407E-9E63-C6A06C734AD5}.Release|ARM.ActiveCfg = Release|Any CPU
		{37B098BB-C227-407E-9E63-C6A06C734AD5}.Release|Mixed Platforms.ActiveCfg = Release|Any CPU
		{37B098BB-C227-407E-9E63-C6A06C734AD5}.Release|Mixed Platforms.Build.0 = Release|Any CPU
		{37B098BB-C227-407E-9E63-C6A06C734AD5}.Release|x64.ActiveCfg = Release|Any CPU
		{37B098BB-C227-407E-9E63-C6A06C734AD5}.Release|x86.ActiveCfg = Release|Any CPU
		{60F8A99E-A57B-4776-B2DF-76347F0F4DF9}.Debug|Any CPU.ActiveCfg = Debug|Any CPU
		{60F8A99E-A57B-4776-B2DF-76347F0F4DF9}.Debug|Any CPU.Build.0 = Debug|Any CPU
		{60F8A99E-A57B-4776-B2DF-76347F0F4DF9}.Debug|ARM.ActiveCfg = Debug|Any CPU
		{60F8A99E-A57B-4776-B2DF-76347F0F4DF9}.Debug|Mixed Platforms.ActiveCfg = Debug|Any CPU
		{60F8A99E-A57B-4776-B2DF-76347F0F4DF9}.Debug|Mixed Platforms.Build.0 = Debug|Any CPU
		{60F8A99E-A57B-4776-B2DF-76347F0F4DF9}.Debug|x64.ActiveCfg = Debug|Any CPU
		{60F8A99E-A57B-4776-B2DF-76347F0F4DF9}.Debug|x86.ActiveCfg = Debug|Any CPU
		{60F8A99E-A57B-4776-B2DF-76347F0F4DF9}.Release|Any CPU.ActiveCfg = Release|Any CPU
		{60F8A99E-A57B-4776-B2DF-76347F0F4DF9}.Release|Any CPU.Build.0 = Release|Any CPU
		{60F8A99E-A57B-4776-B2DF-76347F0F4DF9}.Release|ARM.ActiveCfg = Release|Any CPU
		{60F8A99E-A57B-4776-B2DF-76347F0F4DF9}.Release|Mixed Platforms.ActiveCfg = Release|Any CPU
		{60F8A99E-A57B-4776-B2DF-76347F0F4DF9}.Release|Mixed Platforms.Build.0 = Release|Any CPU
		{60F8A99E-A57B-4776-B2DF-76347F0F4DF9}.Release|x64.ActiveCfg = Release|Any CPU
		{60F8A99E-A57B-4776-B2DF-76347F0F4DF9}.Release|x86.ActiveCfg = Release|Any CPU
		{47835DE6-FA79-4888-83B6-F6891891CBB0}.Debug|Any CPU.ActiveCfg = Debug|Any CPU
		{47835DE6-FA79-4888-83B6-F6891891CBB0}.Debug|Any CPU.Build.0 = Debug|Any CPU
		{47835DE6-FA79-4888-83B6-F6891891CBB0}.Debug|ARM.ActiveCfg = Debug|Any CPU
		{47835DE6-FA79-4888-83B6-F6891891CBB0}.Debug|Mixed Platforms.ActiveCfg = Debug|Any CPU
		{47835DE6-FA79-4888-83B6-F6891891CBB0}.Debug|Mixed Platforms.Build.0 = Debug|Any CPU
		{47835DE6-FA79-4888-83B6-F6891891CBB0}.Debug|x64.ActiveCfg = Debug|Any CPU
		{47835DE6-FA79-4888-83B6-F6891891CBB0}.Debug|x86.ActiveCfg = Debug|Any CPU
		{47835DE6-FA79-4888-83B6-F6891891CBB0}.Release|Any CPU.ActiveCfg = Release|Any CPU
		{47835DE6-FA79-4888-83B6-F6891891CBB0}.Release|Any CPU.Build.0 = Release|Any CPU
		{47835DE6-FA79-4888-83B6-F6891891CBB0}.Release|ARM.ActiveCfg = Release|Any CPU
		{47835DE6-FA79-4888-83B6-F6891891CBB0}.Release|Mixed Platforms.ActiveCfg = Release|Any CPU
		{47835DE6-FA79-4888-83B6-F6891891CBB0}.Release|Mixed Platforms.Build.0 = Release|Any CPU
		{47835DE6-FA79-4888-83B6-F6891891CBB0}.Release|x64.ActiveCfg = Release|Any CPU
		{47835DE6-FA79-4888-83B6-F6891891CBB0}.Release|x86.ActiveCfg = Release|Any CPU
		{DBA4A283-797B-4FD0-ACA5-F58350BA6105}.Debug|Any CPU.ActiveCfg = Debug|Any CPU
		{DBA4A283-797B-4FD0-ACA5-F58350BA6105}.Debug|Any CPU.Build.0 = Debug|Any CPU
		{DBA4A283-797B-4FD0-ACA5-F58350BA6105}.Debug|ARM.ActiveCfg = Debug|Any CPU
		{DBA4A283-797B-4FD0-ACA5-F58350BA6105}.Debug|Mixed Platforms.ActiveCfg = Debug|Any CPU
		{DBA4A283-797B-4FD0-ACA5-F58350BA6105}.Debug|Mixed Platforms.Build.0 = Debug|Any CPU
		{DBA4A283-797B-4FD0-ACA5-F58350BA6105}.Debug|x64.ActiveCfg = Debug|Any CPU
		{DBA4A283-797B-4FD0-ACA5-F58350BA6105}.Debug|x86.ActiveCfg = Debug|Any CPU
		{DBA4A283-797B-4FD0-ACA5-F58350BA6105}.Release|Any CPU.ActiveCfg = Release|Any CPU
		{DBA4A283-797B-4FD0-ACA5-F58350BA6105}.Release|Any CPU.Build.0 = Release|Any CPU
		{DBA4A283-797B-4FD0-ACA5-F58350BA6105}.Release|ARM.ActiveCfg = Release|Any CPU
		{DBA4A283-797B-4FD0-ACA5-F58350BA6105}.Release|Mixed Platforms.ActiveCfg = Release|Any CPU
		{DBA4A283-797B-4FD0-ACA5-F58350BA6105}.Release|Mixed Platforms.Build.0 = Release|Any CPU
		{DBA4A283-797B-4FD0-ACA5-F58350BA6105}.Release|x64.ActiveCfg = Release|Any CPU
		{DBA4A283-797B-4FD0-ACA5-F58350BA6105}.Release|x86.ActiveCfg = Release|Any CPU
		{0527B124-4719-4358-9214-83858E0353DB}.Debug|Any CPU.ActiveCfg = Debug|Any CPU
		{0527B124-4719-4358-9214-83858E0353DB}.Debug|Any CPU.Build.0 = Debug|Any CPU
		{0527B124-4719-4358-9214-83858E0353DB}.Debug|ARM.ActiveCfg = Debug|Any CPU
		{0527B124-4719-4358-9214-83858E0353DB}.Debug|Mixed Platforms.ActiveCfg = Debug|Any CPU
		{0527B124-4719-4358-9214-83858E0353DB}.Debug|Mixed Platforms.Build.0 = Debug|Any CPU
		{0527B124-4719-4358-9214-83858E0353DB}.Debug|x64.ActiveCfg = Debug|Any CPU
		{0527B124-4719-4358-9214-83858E0353DB}.Debug|x86.ActiveCfg = Debug|Any CPU
		{0527B124-4719-4358-9214-83858E0353DB}.Release|Any CPU.ActiveCfg = Release|Any CPU
		{0527B124-4719-4358-9214-83858E0353DB}.Release|Any CPU.Build.0 = Release|Any CPU
		{0527B124-4719-4358-9214-83858E0353DB}.Release|ARM.ActiveCfg = Release|Any CPU
		{0527B124-4719-4358-9214-83858E0353DB}.Release|Mixed Platforms.ActiveCfg = Release|Any CPU
		{0527B124-4719-4358-9214-83858E0353DB}.Release|Mixed Platforms.Build.0 = Release|Any CPU
		{0527B124-4719-4358-9214-83858E0353DB}.Release|x64.ActiveCfg = Release|Any CPU
		{0527B124-4719-4358-9214-83858E0353DB}.Release|x86.ActiveCfg = Release|Any CPU
		{2170368C-1936-4609-9813-4BD76D8ABECA}.Debug|Any CPU.ActiveCfg = Debug|Any CPU
		{2170368C-1936-4609-9813-4BD76D8ABECA}.Debug|Any CPU.Build.0 = Debug|Any CPU
		{2170368C-1936-4609-9813-4BD76D8ABECA}.Debug|ARM.ActiveCfg = Debug|Any CPU
		{2170368C-1936-4609-9813-4BD76D8ABECA}.Debug|Mixed Platforms.ActiveCfg = Debug|Any CPU
		{2170368C-1936-4609-9813-4BD76D8ABECA}.Debug|Mixed Platforms.Build.0 = Debug|Any CPU
		{2170368C-1936-4609-9813-4BD76D8ABECA}.Debug|x64.ActiveCfg = Debug|Any CPU
		{2170368C-1936-4609-9813-4BD76D8ABECA}.Debug|x86.ActiveCfg = Debug|Any CPU
		{2170368C-1936-4609-9813-4BD76D8ABECA}.Release|Any CPU.ActiveCfg = Release|Any CPU
		{2170368C-1936-4609-9813-4BD76D8ABECA}.Release|Any CPU.Build.0 = Release|Any CPU
		{2170368C-1936-4609-9813-4BD76D8ABECA}.Release|ARM.ActiveCfg = Release|Any CPU
		{2170368C-1936-4609-9813-4BD76D8ABECA}.Release|Mixed Platforms.ActiveCfg = Release|Any CPU
		{2170368C-1936-4609-9813-4BD76D8ABECA}.Release|Mixed Platforms.Build.0 = Release|Any CPU
		{2170368C-1936-4609-9813-4BD76D8ABECA}.Release|x64.ActiveCfg = Release|Any CPU
		{2170368C-1936-4609-9813-4BD76D8ABECA}.Release|x86.ActiveCfg = Release|Any CPU
		{AF8CCD5B-E42A-41A7-B98B-3CE11188A54D}.Debug|Any CPU.ActiveCfg = Debug|Any CPU
		{AF8CCD5B-E42A-41A7-B98B-3CE11188A54D}.Debug|Any CPU.Build.0 = Debug|Any CPU
		{AF8CCD5B-E42A-41A7-B98B-3CE11188A54D}.Debug|ARM.ActiveCfg = Debug|Any CPU
		{AF8CCD5B-E42A-41A7-B98B-3CE11188A54D}.Debug|Mixed Platforms.ActiveCfg = Debug|Any CPU
		{AF8CCD5B-E42A-41A7-B98B-3CE11188A54D}.Debug|Mixed Platforms.Build.0 = Debug|Any CPU
		{AF8CCD5B-E42A-41A7-B98B-3CE11188A54D}.Debug|x64.ActiveCfg = Debug|Any CPU
		{AF8CCD5B-E42A-41A7-B98B-3CE11188A54D}.Debug|x86.ActiveCfg = Debug|Any CPU
		{AF8CCD5B-E42A-41A7-B98B-3CE11188A54D}.Release|Any CPU.ActiveCfg = Release|Any CPU
		{AF8CCD5B-E42A-41A7-B98B-3CE11188A54D}.Release|Any CPU.Build.0 = Release|Any CPU
		{AF8CCD5B-E42A-41A7-B98B-3CE11188A54D}.Release|ARM.ActiveCfg = Release|Any CPU
		{AF8CCD5B-E42A-41A7-B98B-3CE11188A54D}.Release|Mixed Platforms.ActiveCfg = Release|Any CPU
		{AF8CCD5B-E42A-41A7-B98B-3CE11188A54D}.Release|Mixed Platforms.Build.0 = Release|Any CPU
		{AF8CCD5B-E42A-41A7-B98B-3CE11188A54D}.Release|x64.ActiveCfg = Release|Any CPU
		{AF8CCD5B-E42A-41A7-B98B-3CE11188A54D}.Release|x86.ActiveCfg = Release|Any CPU
		{9E87D7C6-65C2-4FAD-81FF-FDC7F0400384}.Debug|Any CPU.ActiveCfg = Debug|Any CPU
		{9E87D7C6-65C2-4FAD-81FF-FDC7F0400384}.Debug|Any CPU.Build.0 = Debug|Any CPU
		{9E87D7C6-65C2-4FAD-81FF-FDC7F0400384}.Debug|ARM.ActiveCfg = Debug|Any CPU
		{9E87D7C6-65C2-4FAD-81FF-FDC7F0400384}.Debug|Mixed Platforms.ActiveCfg = Debug|Any CPU
		{9E87D7C6-65C2-4FAD-81FF-FDC7F0400384}.Debug|Mixed Platforms.Build.0 = Debug|Any CPU
		{9E87D7C6-65C2-4FAD-81FF-FDC7F0400384}.Debug|x64.ActiveCfg = Debug|Any CPU
		{9E87D7C6-65C2-4FAD-81FF-FDC7F0400384}.Debug|x86.ActiveCfg = Debug|Any CPU
		{9E87D7C6-65C2-4FAD-81FF-FDC7F0400384}.Release|Any CPU.ActiveCfg = Release|Any CPU
		{9E87D7C6-65C2-4FAD-81FF-FDC7F0400384}.Release|Any CPU.Build.0 = Release|Any CPU
		{9E87D7C6-65C2-4FAD-81FF-FDC7F0400384}.Release|ARM.ActiveCfg = Release|Any CPU
		{9E87D7C6-65C2-4FAD-81FF-FDC7F0400384}.Release|Mixed Platforms.ActiveCfg = Release|Any CPU
		{9E87D7C6-65C2-4FAD-81FF-FDC7F0400384}.Release|Mixed Platforms.Build.0 = Release|Any CPU
		{9E87D7C6-65C2-4FAD-81FF-FDC7F0400384}.Release|x64.ActiveCfg = Release|Any CPU
		{9E87D7C6-65C2-4FAD-81FF-FDC7F0400384}.Release|x86.ActiveCfg = Release|Any CPU
		{D8A3E244-AC49-4372-8C03-F5AA3107BD80}.Debug|Any CPU.ActiveCfg = Debug|Any CPU
		{D8A3E244-AC49-4372-8C03-F5AA3107BD80}.Debug|Any CPU.Build.0 = Debug|Any CPU
		{D8A3E244-AC49-4372-8C03-F5AA3107BD80}.Debug|ARM.ActiveCfg = Debug|Any CPU
		{D8A3E244-AC49-4372-8C03-F5AA3107BD80}.Debug|Mixed Platforms.ActiveCfg = Debug|Any CPU
		{D8A3E244-AC49-4372-8C03-F5AA3107BD80}.Debug|Mixed Platforms.Build.0 = Debug|Any CPU
		{D8A3E244-AC49-4372-8C03-F5AA3107BD80}.Debug|x64.ActiveCfg = Debug|Any CPU
		{D8A3E244-AC49-4372-8C03-F5AA3107BD80}.Debug|x86.ActiveCfg = Debug|Any CPU
		{D8A3E244-AC49-4372-8C03-F5AA3107BD80}.Release|Any CPU.ActiveCfg = Release|Any CPU
		{D8A3E244-AC49-4372-8C03-F5AA3107BD80}.Release|Any CPU.Build.0 = Release|Any CPU
		{D8A3E244-AC49-4372-8C03-F5AA3107BD80}.Release|ARM.ActiveCfg = Release|Any CPU
		{D8A3E244-AC49-4372-8C03-F5AA3107BD80}.Release|Mixed Platforms.ActiveCfg = Release|Any CPU
		{D8A3E244-AC49-4372-8C03-F5AA3107BD80}.Release|Mixed Platforms.Build.0 = Release|Any CPU
		{D8A3E244-AC49-4372-8C03-F5AA3107BD80}.Release|x64.ActiveCfg = Release|Any CPU
		{D8A3E244-AC49-4372-8C03-F5AA3107BD80}.Release|x86.ActiveCfg = Release|Any CPU
		{26ECC23C-4139-4167-9DED-00002E5D9570}.Debug|Any CPU.ActiveCfg = Debug|Any CPU
		{26ECC23C-4139-4167-9DED-00002E5D9570}.Debug|Any CPU.Build.0 = Debug|Any CPU
		{26ECC23C-4139-4167-9DED-00002E5D9570}.Debug|ARM.ActiveCfg = Debug|Any CPU
		{26ECC23C-4139-4167-9DED-00002E5D9570}.Debug|Mixed Platforms.ActiveCfg = Debug|Any CPU
		{26ECC23C-4139-4167-9DED-00002E5D9570}.Debug|Mixed Platforms.Build.0 = Debug|Any CPU
		{26ECC23C-4139-4167-9DED-00002E5D9570}.Debug|x64.ActiveCfg = Debug|Any CPU
		{26ECC23C-4139-4167-9DED-00002E5D9570}.Debug|x86.ActiveCfg = Debug|Any CPU
		{26ECC23C-4139-4167-9DED-00002E5D9570}.Release|Any CPU.ActiveCfg = Release|Any CPU
		{26ECC23C-4139-4167-9DED-00002E5D9570}.Release|Any CPU.Build.0 = Release|Any CPU
		{26ECC23C-4139-4167-9DED-00002E5D9570}.Release|ARM.ActiveCfg = Release|Any CPU
		{26ECC23C-4139-4167-9DED-00002E5D9570}.Release|Mixed Platforms.ActiveCfg = Release|Any CPU
		{26ECC23C-4139-4167-9DED-00002E5D9570}.Release|Mixed Platforms.Build.0 = Release|Any CPU
		{26ECC23C-4139-4167-9DED-00002E5D9570}.Release|x64.ActiveCfg = Release|Any CPU
		{26ECC23C-4139-4167-9DED-00002E5D9570}.Release|x86.ActiveCfg = Release|Any CPU
		{8DB73E9B-8AE1-4341-8DF8-469C578A150D}.Debug|Any CPU.ActiveCfg = Debug|Any CPU
		{8DB73E9B-8AE1-4341-8DF8-469C578A150D}.Debug|Any CPU.Build.0 = Debug|Any CPU
		{8DB73E9B-8AE1-4341-8DF8-469C578A150D}.Debug|ARM.ActiveCfg = Debug|Any CPU
		{8DB73E9B-8AE1-4341-8DF8-469C578A150D}.Debug|Mixed Platforms.ActiveCfg = Debug|Any CPU
		{8DB73E9B-8AE1-4341-8DF8-469C578A150D}.Debug|Mixed Platforms.Build.0 = Debug|Any CPU
		{8DB73E9B-8AE1-4341-8DF8-469C578A150D}.Debug|x64.ActiveCfg = Debug|Any CPU
		{8DB73E9B-8AE1-4341-8DF8-469C578A150D}.Debug|x86.ActiveCfg = Debug|Any CPU
		{8DB73E9B-8AE1-4341-8DF8-469C578A150D}.Release|Any CPU.ActiveCfg = Release|Any CPU
		{8DB73E9B-8AE1-4341-8DF8-469C578A150D}.Release|Any CPU.Build.0 = Release|Any CPU
		{8DB73E9B-8AE1-4341-8DF8-469C578A150D}.Release|ARM.ActiveCfg = Release|Any CPU
		{8DB73E9B-8AE1-4341-8DF8-469C578A150D}.Release|Mixed Platforms.ActiveCfg = Release|Any CPU
		{8DB73E9B-8AE1-4341-8DF8-469C578A150D}.Release|Mixed Platforms.Build.0 = Release|Any CPU
		{8DB73E9B-8AE1-4341-8DF8-469C578A150D}.Release|x64.ActiveCfg = Release|Any CPU
		{8DB73E9B-8AE1-4341-8DF8-469C578A150D}.Release|x86.ActiveCfg = Release|Any CPU
		{E7507338-7499-4046-8A9E-76D100974E82}.Debug|Any CPU.ActiveCfg = Debug|Any CPU
		{E7507338-7499-4046-8A9E-76D100974E82}.Debug|Any CPU.Build.0 = Debug|Any CPU
		{E7507338-7499-4046-8A9E-76D100974E82}.Debug|ARM.ActiveCfg = Debug|Any CPU
		{E7507338-7499-4046-8A9E-76D100974E82}.Debug|Mixed Platforms.ActiveCfg = Debug|Any CPU
		{E7507338-7499-4046-8A9E-76D100974E82}.Debug|Mixed Platforms.Build.0 = Debug|Any CPU
		{E7507338-7499-4046-8A9E-76D100974E82}.Debug|x64.ActiveCfg = Debug|Any CPU
		{E7507338-7499-4046-8A9E-76D100974E82}.Debug|x86.ActiveCfg = Debug|Any CPU
		{E7507338-7499-4046-8A9E-76D100974E82}.Release|Any CPU.ActiveCfg = Release|Any CPU
		{E7507338-7499-4046-8A9E-76D100974E82}.Release|Any CPU.Build.0 = Release|Any CPU
		{E7507338-7499-4046-8A9E-76D100974E82}.Release|ARM.ActiveCfg = Release|Any CPU
		{E7507338-7499-4046-8A9E-76D100974E82}.Release|Mixed Platforms.ActiveCfg = Release|Any CPU
		{E7507338-7499-4046-8A9E-76D100974E82}.Release|Mixed Platforms.Build.0 = Release|Any CPU
		{E7507338-7499-4046-8A9E-76D100974E82}.Release|x64.ActiveCfg = Release|Any CPU
		{E7507338-7499-4046-8A9E-76D100974E82}.Release|x86.ActiveCfg = Release|Any CPU
		{53CDDC70-4541-4E9E-A2F4-95AFD556AC40}.Debug|Any CPU.ActiveCfg = Debug|Any CPU
		{53CDDC70-4541-4E9E-A2F4-95AFD556AC40}.Debug|Any CPU.Build.0 = Debug|Any CPU
		{53CDDC70-4541-4E9E-A2F4-95AFD556AC40}.Debug|ARM.ActiveCfg = Debug|Any CPU
		{53CDDC70-4541-4E9E-A2F4-95AFD556AC40}.Debug|Mixed Platforms.ActiveCfg = Debug|Any CPU
		{53CDDC70-4541-4E9E-A2F4-95AFD556AC40}.Debug|Mixed Platforms.Build.0 = Debug|Any CPU
		{53CDDC70-4541-4E9E-A2F4-95AFD556AC40}.Debug|x64.ActiveCfg = Debug|Any CPU
		{53CDDC70-4541-4E9E-A2F4-95AFD556AC40}.Debug|x86.ActiveCfg = Debug|Any CPU
		{53CDDC70-4541-4E9E-A2F4-95AFD556AC40}.Release|Any CPU.ActiveCfg = Release|Any CPU
		{53CDDC70-4541-4E9E-A2F4-95AFD556AC40}.Release|Any CPU.Build.0 = Release|Any CPU
		{53CDDC70-4541-4E9E-A2F4-95AFD556AC40}.Release|ARM.ActiveCfg = Release|Any CPU
		{53CDDC70-4541-4E9E-A2F4-95AFD556AC40}.Release|Mixed Platforms.ActiveCfg = Release|Any CPU
		{53CDDC70-4541-4E9E-A2F4-95AFD556AC40}.Release|Mixed Platforms.Build.0 = Release|Any CPU
		{53CDDC70-4541-4E9E-A2F4-95AFD556AC40}.Release|x64.ActiveCfg = Release|Any CPU
		{53CDDC70-4541-4E9E-A2F4-95AFD556AC40}.Release|x86.ActiveCfg = Release|Any CPU
		{AF3E39EB-5A28-46D7-8ECA-A5BD2D692D2F}.Debug|Any CPU.ActiveCfg = Debug|Any CPU
		{AF3E39EB-5A28-46D7-8ECA-A5BD2D692D2F}.Debug|Any CPU.Build.0 = Debug|Any CPU
		{AF3E39EB-5A28-46D7-8ECA-A5BD2D692D2F}.Debug|ARM.ActiveCfg = Debug|Any CPU
		{AF3E39EB-5A28-46D7-8ECA-A5BD2D692D2F}.Debug|Mixed Platforms.ActiveCfg = Debug|Any CPU
		{AF3E39EB-5A28-46D7-8ECA-A5BD2D692D2F}.Debug|Mixed Platforms.Build.0 = Debug|Any CPU
		{AF3E39EB-5A28-46D7-8ECA-A5BD2D692D2F}.Debug|x64.ActiveCfg = Debug|Any CPU
		{AF3E39EB-5A28-46D7-8ECA-A5BD2D692D2F}.Debug|x86.ActiveCfg = Debug|Any CPU
		{AF3E39EB-5A28-46D7-8ECA-A5BD2D692D2F}.Release|Any CPU.ActiveCfg = Release|Any CPU
		{AF3E39EB-5A28-46D7-8ECA-A5BD2D692D2F}.Release|Any CPU.Build.0 = Release|Any CPU
		{AF3E39EB-5A28-46D7-8ECA-A5BD2D692D2F}.Release|ARM.ActiveCfg = Release|Any CPU
		{AF3E39EB-5A28-46D7-8ECA-A5BD2D692D2F}.Release|Mixed Platforms.ActiveCfg = Release|Any CPU
		{AF3E39EB-5A28-46D7-8ECA-A5BD2D692D2F}.Release|Mixed Platforms.Build.0 = Release|Any CPU
		{AF3E39EB-5A28-46D7-8ECA-A5BD2D692D2F}.Release|x64.ActiveCfg = Release|Any CPU
		{AF3E39EB-5A28-46D7-8ECA-A5BD2D692D2F}.Release|x86.ActiveCfg = Release|Any CPU
	EndGlobalSection
	GlobalSection(SolutionProperties) = preSolution
		HideSolutionNode = FALSE
	EndGlobalSection
	GlobalSection(NestedProjects) = preSolution
		{FB310720-CD89-44B6-BD54-7861F65D8466} = {1663A5F5-14BA-4FDD-8D0D-B80996A32623}
		{CDAA9409-34B1-4B02-B079-19427E77A3B0} = {1663A5F5-14BA-4FDD-8D0D-B80996A32623}
		{3AD8BA49-6972-42B2-81F5-0D45C626F1DF} = {2B61FCED-42AC-48B3-B2E9-6F0EE50E0674}
		{73FFB713-2878-4C17-8D5B-E22AF8DE89C5} = {2B61FCED-42AC-48B3-B2E9-6F0EE50E0674}
		{FFE4E208-67F2-47B5-AA92-BA35AB3F4730} = {2B61FCED-42AC-48B3-B2E9-6F0EE50E0674}
		{DB77EB6A-DB79-4839-AB30-90593BCE470F} = {2B61FCED-42AC-48B3-B2E9-6F0EE50E0674}
		{3EE03158-1BE0-470C-85FB-E673CD5FC9E1} = {2B61FCED-42AC-48B3-B2E9-6F0EE50E0674}
		{4CDE2CC3-5D02-431B-BCCE-E332B9FDD665} = {2B61FCED-42AC-48B3-B2E9-6F0EE50E0674}
		{63BBC1F3-E5E0-4902-BADF-1589F91C0BEA} = {2B61FCED-42AC-48B3-B2E9-6F0EE50E0674}
		{0F449F28-D18B-4D52-B444-A18546F82FE6} = {2B61FCED-42AC-48B3-B2E9-6F0EE50E0674}
		{D3B18D07-0B19-4CDE-8A32-33F69C404C03} = {2B61FCED-42AC-48B3-B2E9-6F0EE50E0674}
		{15567D0A-4DAF-49CD-9F8F-4FA94AD889D3} = {2B61FCED-42AC-48B3-B2E9-6F0EE50E0674}
		{F3E029DC-EBEB-492F-9CA0-D26DB9F82064} = {2B61FCED-42AC-48B3-B2E9-6F0EE50E0674}
		{0A748BD3-97DD-4C57-8069-4E36656C0A1A} = {2B61FCED-42AC-48B3-B2E9-6F0EE50E0674}
		{E066FF5C-A61E-48CD-AAF5-5A490F5C6F3D} = {2B61FCED-42AC-48B3-B2E9-6F0EE50E0674}
		{7048A168-BF11-48C1-886E-39DBF2EB8B04} = {2B61FCED-42AC-48B3-B2E9-6F0EE50E0674}
		{ACFBFE97-27FE-4D3C-B5F6-B5CBC24F9EF3} = {2B61FCED-42AC-48B3-B2E9-6F0EE50E0674}
		{314E5D80-C9B6-41CD-96AD-E9166D953763} = {2B61FCED-42AC-48B3-B2E9-6F0EE50E0674}
		{C2C2138E-2617-43D6-B552-E0D57FDA7CEA} = {2B61FCED-42AC-48B3-B2E9-6F0EE50E0674}
		{CB331526-55BF-4887-A0D8-EE721B7FCDD7} = {2B61FCED-42AC-48B3-B2E9-6F0EE50E0674}
		{48AFEFD5-2AC8-472C-95A7-78147B255236} = {75CAD46B-8E8E-4798-97F8-C2463D126431}
		{3E9048BC-11C1-4278-ACBF-2B0DBE7EF9F4} = {75CAD46B-8E8E-4798-97F8-C2463D126431}
		{94792675-44A2-4DD8-8CF2-1771787A097C} = {75CAD46B-8E8E-4798-97F8-C2463D126431}
		{58448401-0B31-48D6-B6EA-D76EF501F902} = {2B61FCED-42AC-48B3-B2E9-6F0EE50E0674}
		{37B098BB-C227-407E-9E63-C6A06C734AD5} = {2B61FCED-42AC-48B3-B2E9-6F0EE50E0674}
		{60F8A99E-A57B-4776-B2DF-76347F0F4DF9} = {2B61FCED-42AC-48B3-B2E9-6F0EE50E0674}
		{47835DE6-FA79-4888-83B6-F6891891CBB0} = {2B61FCED-42AC-48B3-B2E9-6F0EE50E0674}
		{DBA4A283-797B-4FD0-ACA5-F58350BA6105} = {2B61FCED-42AC-48B3-B2E9-6F0EE50E0674}
		{0527B124-4719-4358-9214-83858E0353DB} = {75CAD46B-8E8E-4798-97F8-C2463D126431}
		{2170368C-1936-4609-9813-4BD76D8ABECA} = {75CAD46B-8E8E-4798-97F8-C2463D126431}
		{AF8CCD5B-E42A-41A7-B98B-3CE11188A54D} = {2B61FCED-42AC-48B3-B2E9-6F0EE50E0674}
		{9E87D7C6-65C2-4FAD-81FF-FDC7F0400384} = {ADBBEFA5-7DC6-43B7-8DE3-D66F529AAE1C}
		{D8A3E244-AC49-4372-8C03-F5AA3107BD80} = {ADBBEFA5-7DC6-43B7-8DE3-D66F529AAE1C}
		{26ECC23C-4139-4167-9DED-00002E5D9570} = {2B61FCED-42AC-48B3-B2E9-6F0EE50E0674}
		{8DB73E9B-8AE1-4341-8DF8-469C578A150D} = {2B61FCED-42AC-48B3-B2E9-6F0EE50E0674}
		{E7507338-7499-4046-8A9E-76D100974E82} = {2B61FCED-42AC-48B3-B2E9-6F0EE50E0674}
		{53CDDC70-4541-4E9E-A2F4-95AFD556AC40} = {2B61FCED-42AC-48B3-B2E9-6F0EE50E0674}
		{AF3E39EB-5A28-46D7-8ECA-A5BD2D692D2F} = {2B61FCED-42AC-48B3-B2E9-6F0EE50E0674}
	EndGlobalSection
	GlobalSection(ExtensibilityGlobals) = postSolution
		EnterpriseLibraryConfigurationToolBinariesPath = packages\Unity.2.1.505.0\lib\NET35;packages\Unity.2.1.505.2\lib\NET35
	EndGlobalSection
	GlobalSection(MonoDevelopProperties) = preSolution
		StartupItem = ..\Bifrost\Bifrost.csproj
	EndGlobalSection
EndGlobal
