
Microsoft Visual Studio Solution File, Format Version 11.00
# Visual Studio 2010
Project("{2150E333-8FDC-42A3-9474-1A3956D46DE8}") = "Core", "Core", "{1663A5F5-14BA-4FDD-8D0D-B80996A32623}"
EndProject
Project("{FAE04EC0-301F-11D3-BF4B-00C04F79EFBC}") = "Bifrost", "..\Bifrost\Bifrost.csproj", "{FB310720-CD89-44B6-BD54-7861F65D8466}"
EndProject
Project("{2150E333-8FDC-42A3-9474-1A3956D46DE8}") = "Extensions", "Extensions", "{2B61FCED-42AC-48B3-B2E9-6F0EE50E0674}"
EndProject
Project("{FAE04EC0-301F-11D3-BF4B-00C04F79EFBC}") = "Bifrost.Azure", "..\Bifrost.Azure\Bifrost.Azure.csproj", "{54C7D04B-F56D-47CD-8B0A-54C4A978B58B}"
EndProject
Project("{FAE04EC0-301F-11D3-BF4B-00C04F79EFBC}") = "Bifrost.NHibernate", "..\Bifrost.NHibernate\Bifrost.NHibernate.csproj", "{3AD8BA49-6972-42B2-81F5-0D45C626F1DF}"
EndProject
Project("{FAE04EC0-301F-11D3-BF4B-00C04F79EFBC}") = "Bifrost.Web.Mvc", "..\Bifrost.Web.Mvc\Bifrost.Web.Mvc.csproj", "{73FFB713-2878-4C17-8D5B-E22AF8DE89C5}"
EndProject
Project("{FAE04EC0-301F-11D3-BF4B-00C04F79EFBC}") = "Bifrost.EF4", "..\Bifrost.EF4\Bifrost.EF4.csproj", "{01F8E7AE-9AAC-4429-AA8A-BE6C4DE48BA3}"
EndProject
Project("{FAE04EC0-301F-11D3-BF4B-00C04F79EFBC}") = "Bifrost.Specs", "..\Bifrost.Specs\Bifrost.Specs.csproj", "{CDAA9409-34B1-4B02-B079-19427E77A3B0}"
EndProject
Project("{FAE04EC0-301F-11D3-BF4B-00C04F79EFBC}") = "Bifrost.Silverlight", "..\Bifrost\Bifrost.Silverlight.csproj", "{1426A0C9-0445-4E65-839B-1B3A1BAECDB7}"
EndProject
Project("{FAE04EC0-301F-11D3-BF4B-00C04F79EFBC}") = "Bifrost.MSpec", "..\Bifrost.MSpec\Bifrost.MSpec.csproj", "{FFE4E208-67F2-47B5-AA92-BA35AB3F4730}"
EndProject
Project("{FAE04EC0-301F-11D3-BF4B-00C04F79EFBC}") = "Bifrost.Testing", "..\Bifrost.Fakes\Bifrost.Testing.csproj", "{47835DE6-FA79-4888-83B6-F6891891CBB0}"
EndProject
Project("{FAE04EC0-301F-11D3-BF4B-00C04F79EFBC}") = "Bifrost.JSON", "..\Bifrost.JSON\Bifrost.JSON.csproj", "{DB77EB6A-DB79-4839-AB30-90593BCE470F}"
EndProject
Project("{FAE04EC0-301F-11D3-BF4B-00C04F79EFBC}") = "Bifrost.WCF", "..\Bifrost.WCF\Bifrost.WCF.csproj", "{2928688F-2D89-4C2B-AB59-F82B80A14009}"
EndProject
Project("{FAE04EC0-301F-11D3-BF4B-00C04F79EFBC}") = "Bifrost.Ninject", "..\Bifrost.Ninject\Bifrost.Ninject.csproj", "{3EE03158-1BE0-470C-85FB-E673CD5FC9E1}"
EndProject
Project("{FAE04EC0-301F-11D3-BF4B-00C04F79EFBC}") = "Bifrost.Ninject.Silverlight", "..\Bifrost.Ninject\Bifrost.Ninject.Silverlight.csproj", "{27089447-9E63-45C4-B14B-7AEF8B933294}"
EndProject
Project("{FAE04EC0-301F-11D3-BF4B-00C04F79EFBC}") = "Bifrost.Unity", "..\Bifrost.Unity\Bifrost.Unity.csproj", "{4CDE2CC3-5D02-431B-BCCE-E332B9FDD665}"
EndProject
Project("{FAE04EC0-301F-11D3-BF4B-00C04F79EFBC}") = "Bifrost.RavenDb.Embeddable", "..\Bifrost.RavenDb.Embeddable\Bifrost.RavenDb.Embeddable.csproj", "{A6B34814-3554-4849-A54E-C7AD1A7BB8E1}"
EndProject
Global
	GlobalSection(SolutionConfigurationPlatforms) = preSolution
		Debug|Any CPU = Debug|Any CPU
		Debug|Mixed Platforms = Debug|Mixed Platforms
		Debug|x86 = Debug|x86
		Release|Any CPU = Release|Any CPU
		Release|Mixed Platforms = Release|Mixed Platforms
		Release|x86 = Release|x86
	EndGlobalSection
	GlobalSection(ProjectConfigurationPlatforms) = postSolution
		{FB310720-CD89-44B6-BD54-7861F65D8466}.Debug|Any CPU.ActiveCfg = Debug|Any CPU
		{FB310720-CD89-44B6-BD54-7861F65D8466}.Debug|Any CPU.Build.0 = Debug|Any CPU
		{FB310720-CD89-44B6-BD54-7861F65D8466}.Debug|Mixed Platforms.ActiveCfg = Debug|Any CPU
		{FB310720-CD89-44B6-BD54-7861F65D8466}.Debug|Mixed Platforms.Build.0 = Debug|Any CPU
		{FB310720-CD89-44B6-BD54-7861F65D8466}.Debug|x86.ActiveCfg = Debug|Any CPU
		{FB310720-CD89-44B6-BD54-7861F65D8466}.Release|Any CPU.ActiveCfg = Release|Any CPU
		{FB310720-CD89-44B6-BD54-7861F65D8466}.Release|Any CPU.Build.0 = Release|Any CPU
		{FB310720-CD89-44B6-BD54-7861F65D8466}.Release|Mixed Platforms.ActiveCfg = Release|Any CPU
		{FB310720-CD89-44B6-BD54-7861F65D8466}.Release|Mixed Platforms.Build.0 = Release|Any CPU
		{FB310720-CD89-44B6-BD54-7861F65D8466}.Release|x86.ActiveCfg = Release|Any CPU
		{54C7D04B-F56D-47CD-8B0A-54C4A978B58B}.Debug|Any CPU.ActiveCfg = Debug|Any CPU
		{54C7D04B-F56D-47CD-8B0A-54C4A978B58B}.Debug|Any CPU.Build.0 = Debug|Any CPU
		{54C7D04B-F56D-47CD-8B0A-54C4A978B58B}.Debug|Mixed Platforms.ActiveCfg = Debug|Any CPU
		{54C7D04B-F56D-47CD-8B0A-54C4A978B58B}.Debug|Mixed Platforms.Build.0 = Debug|Any CPU
		{54C7D04B-F56D-47CD-8B0A-54C4A978B58B}.Debug|x86.ActiveCfg = Debug|Any CPU
		{54C7D04B-F56D-47CD-8B0A-54C4A978B58B}.Release|Any CPU.ActiveCfg = Release|Any CPU
		{54C7D04B-F56D-47CD-8B0A-54C4A978B58B}.Release|Any CPU.Build.0 = Release|Any CPU
		{54C7D04B-F56D-47CD-8B0A-54C4A978B58B}.Release|Mixed Platforms.ActiveCfg = Release|Any CPU
		{54C7D04B-F56D-47CD-8B0A-54C4A978B58B}.Release|Mixed Platforms.Build.0 = Release|Any CPU
		{54C7D04B-F56D-47CD-8B0A-54C4A978B58B}.Release|x86.ActiveCfg = Release|Any CPU
		{3AD8BA49-6972-42B2-81F5-0D45C626F1DF}.Debug|Any CPU.ActiveCfg = Debug|Any CPU
		{3AD8BA49-6972-42B2-81F5-0D45C626F1DF}.Debug|Any CPU.Build.0 = Debug|Any CPU
		{3AD8BA49-6972-42B2-81F5-0D45C626F1DF}.Debug|Mixed Platforms.ActiveCfg = Debug|Any CPU
		{3AD8BA49-6972-42B2-81F5-0D45C626F1DF}.Debug|Mixed Platforms.Build.0 = Debug|Any CPU
		{3AD8BA49-6972-42B2-81F5-0D45C626F1DF}.Debug|x86.ActiveCfg = Debug|Any CPU
		{3AD8BA49-6972-42B2-81F5-0D45C626F1DF}.Release|Any CPU.ActiveCfg = Release|Any CPU
		{3AD8BA49-6972-42B2-81F5-0D45C626F1DF}.Release|Any CPU.Build.0 = Release|Any CPU
		{3AD8BA49-6972-42B2-81F5-0D45C626F1DF}.Release|Mixed Platforms.ActiveCfg = Release|Any CPU
		{3AD8BA49-6972-42B2-81F5-0D45C626F1DF}.Release|Mixed Platforms.Build.0 = Release|Any CPU
		{3AD8BA49-6972-42B2-81F5-0D45C626F1DF}.Release|x86.ActiveCfg = Release|Any CPU
		{73FFB713-2878-4C17-8D5B-E22AF8DE89C5}.Debug|Any CPU.ActiveCfg = Debug|Any CPU
		{73FFB713-2878-4C17-8D5B-E22AF8DE89C5}.Debug|Any CPU.Build.0 = Debug|Any CPU
		{73FFB713-2878-4C17-8D5B-E22AF8DE89C5}.Debug|Mixed Platforms.ActiveCfg = Debug|Any CPU
		{73FFB713-2878-4C17-8D5B-E22AF8DE89C5}.Debug|Mixed Platforms.Build.0 = Debug|Any CPU
		{73FFB713-2878-4C17-8D5B-E22AF8DE89C5}.Debug|x86.ActiveCfg = Debug|Any CPU
		{73FFB713-2878-4C17-8D5B-E22AF8DE89C5}.Release|Any CPU.ActiveCfg = Release|Any CPU
		{73FFB713-2878-4C17-8D5B-E22AF8DE89C5}.Release|Any CPU.Build.0 = Release|Any CPU
		{73FFB713-2878-4C17-8D5B-E22AF8DE89C5}.Release|Mixed Platforms.ActiveCfg = Release|Any CPU
		{73FFB713-2878-4C17-8D5B-E22AF8DE89C5}.Release|Mixed Platforms.Build.0 = Release|Any CPU
		{73FFB713-2878-4C17-8D5B-E22AF8DE89C5}.Release|x86.ActiveCfg = Release|Any CPU
		{01F8E7AE-9AAC-4429-AA8A-BE6C4DE48BA3}.Debug|Any CPU.ActiveCfg = Debug|Any CPU
		{01F8E7AE-9AAC-4429-AA8A-BE6C4DE48BA3}.Debug|Any CPU.Build.0 = Debug|Any CPU
		{01F8E7AE-9AAC-4429-AA8A-BE6C4DE48BA3}.Debug|Mixed Platforms.ActiveCfg = Debug|Any CPU
		{01F8E7AE-9AAC-4429-AA8A-BE6C4DE48BA3}.Debug|Mixed Platforms.Build.0 = Debug|Any CPU
		{01F8E7AE-9AAC-4429-AA8A-BE6C4DE48BA3}.Debug|x86.ActiveCfg = Debug|Any CPU
		{01F8E7AE-9AAC-4429-AA8A-BE6C4DE48BA3}.Release|Any CPU.ActiveCfg = Release|Any CPU
		{01F8E7AE-9AAC-4429-AA8A-BE6C4DE48BA3}.Release|Any CPU.Build.0 = Release|Any CPU
		{01F8E7AE-9AAC-4429-AA8A-BE6C4DE48BA3}.Release|Mixed Platforms.ActiveCfg = Release|Any CPU
		{01F8E7AE-9AAC-4429-AA8A-BE6C4DE48BA3}.Release|Mixed Platforms.Build.0 = Release|Any CPU
		{01F8E7AE-9AAC-4429-AA8A-BE6C4DE48BA3}.Release|x86.ActiveCfg = Release|Any CPU
		{CDAA9409-34B1-4B02-B079-19427E77A3B0}.Debug|Any CPU.ActiveCfg = Debug|Any CPU
		{CDAA9409-34B1-4B02-B079-19427E77A3B0}.Debug|Any CPU.Build.0 = Debug|Any CPU
		{CDAA9409-34B1-4B02-B079-19427E77A3B0}.Debug|Mixed Platforms.ActiveCfg = Debug|Any CPU
		{CDAA9409-34B1-4B02-B079-19427E77A3B0}.Debug|Mixed Platforms.Build.0 = Debug|Any CPU
		{CDAA9409-34B1-4B02-B079-19427E77A3B0}.Debug|x86.ActiveCfg = Debug|Any CPU
		{CDAA9409-34B1-4B02-B079-19427E77A3B0}.Release|Any CPU.ActiveCfg = Release|Any CPU
		{CDAA9409-34B1-4B02-B079-19427E77A3B0}.Release|Any CPU.Build.0 = Release|Any CPU
		{CDAA9409-34B1-4B02-B079-19427E77A3B0}.Release|Mixed Platforms.ActiveCfg = Release|Any CPU
		{CDAA9409-34B1-4B02-B079-19427E77A3B0}.Release|Mixed Platforms.Build.0 = Release|Any CPU
		{CDAA9409-34B1-4B02-B079-19427E77A3B0}.Release|x86.ActiveCfg = Release|Any CPU
		{1426A0C9-0445-4E65-839B-1B3A1BAECDB7}.Debug|Any CPU.ActiveCfg = Debug|Any CPU
		{1426A0C9-0445-4E65-839B-1B3A1BAECDB7}.Debug|Any CPU.Build.0 = Debug|Any CPU
		{1426A0C9-0445-4E65-839B-1B3A1BAECDB7}.Debug|Mixed Platforms.ActiveCfg = Debug|Any CPU
		{1426A0C9-0445-4E65-839B-1B3A1BAECDB7}.Debug|Mixed Platforms.Build.0 = Debug|Any CPU
		{1426A0C9-0445-4E65-839B-1B3A1BAECDB7}.Debug|x86.ActiveCfg = Debug|Any CPU
		{1426A0C9-0445-4E65-839B-1B3A1BAECDB7}.Release|Any CPU.ActiveCfg = Release|Any CPU
		{1426A0C9-0445-4E65-839B-1B3A1BAECDB7}.Release|Any CPU.Build.0 = Release|Any CPU
		{1426A0C9-0445-4E65-839B-1B3A1BAECDB7}.Release|Mixed Platforms.ActiveCfg = Release|Any CPU
		{1426A0C9-0445-4E65-839B-1B3A1BAECDB7}.Release|Mixed Platforms.Build.0 = Release|Any CPU
		{1426A0C9-0445-4E65-839B-1B3A1BAECDB7}.Release|x86.ActiveCfg = Release|Any CPU
		{FFE4E208-67F2-47B5-AA92-BA35AB3F4730}.Debug|Any CPU.ActiveCfg = Debug|Any CPU
		{FFE4E208-67F2-47B5-AA92-BA35AB3F4730}.Debug|Any CPU.Build.0 = Debug|Any CPU
		{FFE4E208-67F2-47B5-AA92-BA35AB3F4730}.Debug|Mixed Platforms.ActiveCfg = Debug|Any CPU
		{FFE4E208-67F2-47B5-AA92-BA35AB3F4730}.Debug|Mixed Platforms.Build.0 = Debug|Any CPU
		{FFE4E208-67F2-47B5-AA92-BA35AB3F4730}.Debug|x86.ActiveCfg = Debug|Any CPU
		{FFE4E208-67F2-47B5-AA92-BA35AB3F4730}.Release|Any CPU.ActiveCfg = Release|Any CPU
		{FFE4E208-67F2-47B5-AA92-BA35AB3F4730}.Release|Any CPU.Build.0 = Release|Any CPU
		{FFE4E208-67F2-47B5-AA92-BA35AB3F4730}.Release|Mixed Platforms.ActiveCfg = Release|Any CPU
		{FFE4E208-67F2-47B5-AA92-BA35AB3F4730}.Release|Mixed Platforms.Build.0 = Release|Any CPU
		{FFE4E208-67F2-47B5-AA92-BA35AB3F4730}.Release|x86.ActiveCfg = Release|Any CPU
		{47835DE6-FA79-4888-83B6-F6891891CBB0}.Debug|Any CPU.ActiveCfg = Debug|Any CPU
		{47835DE6-FA79-4888-83B6-F6891891CBB0}.Debug|Any CPU.Build.0 = Debug|Any CPU
		{47835DE6-FA79-4888-83B6-F6891891CBB0}.Debug|Mixed Platforms.ActiveCfg = Debug|Any CPU
		{47835DE6-FA79-4888-83B6-F6891891CBB0}.Debug|Mixed Platforms.Build.0 = Debug|Any CPU
		{47835DE6-FA79-4888-83B6-F6891891CBB0}.Debug|x86.ActiveCfg = Debug|Any CPU
		{47835DE6-FA79-4888-83B6-F6891891CBB0}.Release|Any CPU.ActiveCfg = Release|Any CPU
		{47835DE6-FA79-4888-83B6-F6891891CBB0}.Release|Any CPU.Build.0 = Release|Any CPU
		{47835DE6-FA79-4888-83B6-F6891891CBB0}.Release|Mixed Platforms.ActiveCfg = Release|Any CPU
		{47835DE6-FA79-4888-83B6-F6891891CBB0}.Release|Mixed Platforms.Build.0 = Release|Any CPU
		{47835DE6-FA79-4888-83B6-F6891891CBB0}.Release|x86.ActiveCfg = Release|Any CPU
		{DB77EB6A-DB79-4839-AB30-90593BCE470F}.Debug|Any CPU.ActiveCfg = Debug|Any CPU
		{DB77EB6A-DB79-4839-AB30-90593BCE470F}.Debug|Any CPU.Build.0 = Debug|Any CPU
		{DB77EB6A-DB79-4839-AB30-90593BCE470F}.Debug|Mixed Platforms.ActiveCfg = Debug|Any CPU
		{DB77EB6A-DB79-4839-AB30-90593BCE470F}.Debug|Mixed Platforms.Build.0 = Debug|Any CPU
		{DB77EB6A-DB79-4839-AB30-90593BCE470F}.Debug|x86.ActiveCfg = Debug|Any CPU
		{DB77EB6A-DB79-4839-AB30-90593BCE470F}.Release|Any CPU.ActiveCfg = Release|Any CPU
		{DB77EB6A-DB79-4839-AB30-90593BCE470F}.Release|Any CPU.Build.0 = Release|Any CPU
		{DB77EB6A-DB79-4839-AB30-90593BCE470F}.Release|Mixed Platforms.ActiveCfg = Release|Any CPU
		{DB77EB6A-DB79-4839-AB30-90593BCE470F}.Release|Mixed Platforms.Build.0 = Release|Any CPU
		{DB77EB6A-DB79-4839-AB30-90593BCE470F}.Release|x86.ActiveCfg = Release|Any CPU
		{2928688F-2D89-4C2B-AB59-F82B80A14009}.Debug|Any CPU.ActiveCfg = Debug|Any CPU
		{2928688F-2D89-4C2B-AB59-F82B80A14009}.Debug|Any CPU.Build.0 = Debug|Any CPU
		{2928688F-2D89-4C2B-AB59-F82B80A14009}.Debug|Mixed Platforms.ActiveCfg = Debug|Any CPU
		{2928688F-2D89-4C2B-AB59-F82B80A14009}.Debug|Mixed Platforms.Build.0 = Debug|Any CPU
		{2928688F-2D89-4C2B-AB59-F82B80A14009}.Debug|x86.ActiveCfg = Debug|Any CPU
		{2928688F-2D89-4C2B-AB59-F82B80A14009}.Release|Any CPU.ActiveCfg = Release|Any CPU
		{2928688F-2D89-4C2B-AB59-F82B80A14009}.Release|Any CPU.Build.0 = Release|Any CPU
		{2928688F-2D89-4C2B-AB59-F82B80A14009}.Release|Mixed Platforms.ActiveCfg = Release|Any CPU
		{2928688F-2D89-4C2B-AB59-F82B80A14009}.Release|Mixed Platforms.Build.0 = Release|Any CPU
		{2928688F-2D89-4C2B-AB59-F82B80A14009}.Release|x86.ActiveCfg = Release|Any CPU
		{3EE03158-1BE0-470C-85FB-E673CD5FC9E1}.Debug|Any CPU.ActiveCfg = Debug|Any CPU
		{3EE03158-1BE0-470C-85FB-E673CD5FC9E1}.Debug|Any CPU.Build.0 = Debug|Any CPU
		{3EE03158-1BE0-470C-85FB-E673CD5FC9E1}.Debug|Mixed Platforms.ActiveCfg = Debug|Any CPU
		{3EE03158-1BE0-470C-85FB-E673CD5FC9E1}.Debug|Mixed Platforms.Build.0 = Debug|Any CPU
		{3EE03158-1BE0-470C-85FB-E673CD5FC9E1}.Debug|x86.ActiveCfg = Debug|Any CPU
		{3EE03158-1BE0-470C-85FB-E673CD5FC9E1}.Release|Any CPU.ActiveCfg = Release|Any CPU
		{3EE03158-1BE0-470C-85FB-E673CD5FC9E1}.Release|Any CPU.Build.0 = Release|Any CPU
		{3EE03158-1BE0-470C-85FB-E673CD5FC9E1}.Release|Mixed Platforms.ActiveCfg = Release|Any CPU
		{3EE03158-1BE0-470C-85FB-E673CD5FC9E1}.Release|Mixed Platforms.Build.0 = Release|Any CPU
		{3EE03158-1BE0-470C-85FB-E673CD5FC9E1}.Release|x86.ActiveCfg = Release|Any CPU
		{27089447-9E63-45C4-B14B-7AEF8B933294}.Debug|Any CPU.ActiveCfg = Debug|Any CPU
		{27089447-9E63-45C4-B14B-7AEF8B933294}.Debug|Any CPU.Build.0 = Debug|Any CPU
		{27089447-9E63-45C4-B14B-7AEF8B933294}.Debug|Mixed Platforms.ActiveCfg = Debug|Any CPU
		{27089447-9E63-45C4-B14B-7AEF8B933294}.Debug|Mixed Platforms.Build.0 = Debug|Any CPU
		{27089447-9E63-45C4-B14B-7AEF8B933294}.Debug|x86.ActiveCfg = Debug|Any CPU
		{27089447-9E63-45C4-B14B-7AEF8B933294}.Release|Any CPU.ActiveCfg = Release|Any CPU
		{27089447-9E63-45C4-B14B-7AEF8B933294}.Release|Any CPU.Build.0 = Release|Any CPU
		{27089447-9E63-45C4-B14B-7AEF8B933294}.Release|Mixed Platforms.ActiveCfg = Release|Any CPU
		{27089447-9E63-45C4-B14B-7AEF8B933294}.Release|Mixed Platforms.Build.0 = Release|Any CPU
		{27089447-9E63-45C4-B14B-7AEF8B933294}.Release|x86.ActiveCfg = Release|Any CPU
		{4CDE2CC3-5D02-431B-BCCE-E332B9FDD665}.Debug|Any CPU.ActiveCfg = Debug|x86
		{4CDE2CC3-5D02-431B-BCCE-E332B9FDD665}.Debug|Mixed Platforms.ActiveCfg = Debug|x86
		{4CDE2CC3-5D02-431B-BCCE-E332B9FDD665}.Debug|Mixed Platforms.Build.0 = Debug|x86
		{4CDE2CC3-5D02-431B-BCCE-E332B9FDD665}.Debug|x86.ActiveCfg = Debug|x86
		{4CDE2CC3-5D02-431B-BCCE-E332B9FDD665}.Debug|x86.Build.0 = Debug|x86
		{4CDE2CC3-5D02-431B-BCCE-E332B9FDD665}.Release|Any CPU.ActiveCfg = Release|x86
		{4CDE2CC3-5D02-431B-BCCE-E332B9FDD665}.Release|Mixed Platforms.ActiveCfg = Release|x86
		{4CDE2CC3-5D02-431B-BCCE-E332B9FDD665}.Release|Mixed Platforms.Build.0 = Release|x86
		{4CDE2CC3-5D02-431B-BCCE-E332B9FDD665}.Release|x86.ActiveCfg = Release|x86
		{4CDE2CC3-5D02-431B-BCCE-E332B9FDD665}.Release|x86.Build.0 = Release|x86
		{A6B34814-3554-4849-A54E-C7AD1A7BB8E1}.Debug|Any CPU.ActiveCfg = Debug|Any CPU
		{A6B34814-3554-4849-A54E-C7AD1A7BB8E1}.Debug|Any CPU.Build.0 = Debug|Any CPU
		{A6B34814-3554-4849-A54E-C7AD1A7BB8E1}.Debug|Mixed Platforms.ActiveCfg = Debug|Any CPU
		{A6B34814-3554-4849-A54E-C7AD1A7BB8E1}.Debug|Mixed Platforms.Build.0 = Debug|Any CPU
		{A6B34814-3554-4849-A54E-C7AD1A7BB8E1}.Debug|x86.ActiveCfg = Debug|Any CPU
		{A6B34814-3554-4849-A54E-C7AD1A7BB8E1}.Release|Any CPU.ActiveCfg = Release|Any CPU
		{A6B34814-3554-4849-A54E-C7AD1A7BB8E1}.Release|Any CPU.Build.0 = Release|Any CPU
		{A6B34814-3554-4849-A54E-C7AD1A7BB8E1}.Release|Mixed Platforms.ActiveCfg = Release|Any CPU
		{A6B34814-3554-4849-A54E-C7AD1A7BB8E1}.Release|Mixed Platforms.Build.0 = Release|Any CPU
		{A6B34814-3554-4849-A54E-C7AD1A7BB8E1}.Release|x86.ActiveCfg = Release|Any CPU
	EndGlobalSection
	GlobalSection(SolutionProperties) = preSolution
		HideSolutionNode = FALSE
	EndGlobalSection
	GlobalSection(NestedProjects) = preSolution
		{FB310720-CD89-44B6-BD54-7861F65D8466} = {1663A5F5-14BA-4FDD-8D0D-B80996A32623}
		{CDAA9409-34B1-4B02-B079-19427E77A3B0} = {1663A5F5-14BA-4FDD-8D0D-B80996A32623}
		{1426A0C9-0445-4E65-839B-1B3A1BAECDB7} = {1663A5F5-14BA-4FDD-8D0D-B80996A32623}
		{54C7D04B-F56D-47CD-8B0A-54C4A978B58B} = {2B61FCED-42AC-48B3-B2E9-6F0EE50E0674}
		{3AD8BA49-6972-42B2-81F5-0D45C626F1DF} = {2B61FCED-42AC-48B3-B2E9-6F0EE50E0674}
		{73FFB713-2878-4C17-8D5B-E22AF8DE89C5} = {2B61FCED-42AC-48B3-B2E9-6F0EE50E0674}
		{01F8E7AE-9AAC-4429-AA8A-BE6C4DE48BA3} = {2B61FCED-42AC-48B3-B2E9-6F0EE50E0674}
		{FFE4E208-67F2-47B5-AA92-BA35AB3F4730} = {2B61FCED-42AC-48B3-B2E9-6F0EE50E0674}
		{47835DE6-FA79-4888-83B6-F6891891CBB0} = {2B61FCED-42AC-48B3-B2E9-6F0EE50E0674}
		{DB77EB6A-DB79-4839-AB30-90593BCE470F} = {2B61FCED-42AC-48B3-B2E9-6F0EE50E0674}
		{2928688F-2D89-4C2B-AB59-F82B80A14009} = {2B61FCED-42AC-48B3-B2E9-6F0EE50E0674}
		{3EE03158-1BE0-470C-85FB-E673CD5FC9E1} = {2B61FCED-42AC-48B3-B2E9-6F0EE50E0674}
		{27089447-9E63-45C4-B14B-7AEF8B933294} = {2B61FCED-42AC-48B3-B2E9-6F0EE50E0674}
		{4CDE2CC3-5D02-431B-BCCE-E332B9FDD665} = {2B61FCED-42AC-48B3-B2E9-6F0EE50E0674}
		{A6B34814-3554-4849-A54E-C7AD1A7BB8E1} = {2B61FCED-42AC-48B3-B2E9-6F0EE50E0674}
	EndGlobalSection
	GlobalSection(MonoDevelopProperties) = preSolution
		StartupItem = ..\Samples\SimpleConsole\SimpleConsole.csproj
	EndGlobalSection
EndGlobal
