
Microsoft Visual Studio Solution File, Format Version 12.00
# Visual Studio 2010
Project("{2150E333-8FDC-42A3-9474-1A3956D46DE8}") = "Core", "Core", "{1663A5F5-14BA-4FDD-8D0D-B80996A32623}"
EndProject
Project("{FAE04EC0-301F-11D3-BF4B-00C04F79EFBC}") = "Bifrost", "..\Bifrost\Bifrost.csproj", "{FB310720-CD89-44B6-BD54-7861F65D8466}"
EndProject
Project("{FAE04EC0-301F-11D3-BF4B-00C04F79EFBC}") = "Bifrost.Specs", "..\Bifrost.Specs\Bifrost.Specs.csproj", "{CDAA9409-34B1-4B02-B079-19427E77A3B0}"
EndProject
Project("{FAE04EC0-301F-11D3-BF4B-00C04F79EFBC}") = "Bifrost.Silverlight", "..\Bifrost.Silverlight\Bifrost.Silverlight.csproj", "{1426A0C9-0445-4E65-839B-1B3A1BAECDB7}"
EndProject
Project("{2150E333-8FDC-42A3-9474-1A3956D46DE8}") = "Extensions", "Extensions", "{2B61FCED-42AC-48B3-B2E9-6F0EE50E0674}"
EndProject
Project("{FAE04EC0-301F-11D3-BF4B-00C04F79EFBC}") = "Bifrost.Azure", "..\Bifrost.Azure\Bifrost.Azure.csproj", "{54C7D04B-F56D-47CD-8B0A-54C4A978B58B}"
EndProject
Project("{FAE04EC0-301F-11D3-BF4B-00C04F79EFBC}") = "Bifrost.NHibernate", "..\Bifrost.NHibernate\Bifrost.NHibernate.csproj", "{3AD8BA49-6972-42B2-81F5-0D45C626F1DF}"
EndProject
Project("{FAE04EC0-301F-11D3-BF4B-00C04F79EFBC}") = "Bifrost.Web.Mvc", "..\Bifrost.Web.Mvc\Bifrost.Web.Mvc.csproj", "{73FFB713-2878-4C17-8D5B-E22AF8DE89C5}"
EndProject
Project("{FAE04EC0-301F-11D3-BF4B-00C04F79EFBC}") = "Bifrost.EF4", "..\Bifrost.EF4\Bifrost.EF4.csproj", "{01F8E7AE-9AAC-4429-AA8A-BE6C4DE48BA3}"
EndProject
Project("{FAE04EC0-301F-11D3-BF4B-00C04F79EFBC}") = "Bifrost.MSpec", "..\Bifrost.MSpec\Bifrost.MSpec.csproj", "{FFE4E208-67F2-47B5-AA92-BA35AB3F4730}"
EndProject
Project("{FAE04EC0-301F-11D3-BF4B-00C04F79EFBC}") = "Bifrost.Fakes", "..\Bifrost.Fakes\Bifrost.Fakes.csproj", "{47835DE6-FA79-4888-83B6-F6891891CBB0}"
EndProject
Project("{FAE04EC0-301F-11D3-BF4B-00C04F79EFBC}") = "Bifrost.JSON", "..\Bifrost.JSON\Bifrost.JSON.csproj", "{DB77EB6A-DB79-4839-AB30-90593BCE470F}"
EndProject
Project("{FAE04EC0-301F-11D3-BF4B-00C04F79EFBC}") = "Bifrost.Ninject", "..\Bifrost.Ninject\Bifrost.Ninject.csproj", "{3EE03158-1BE0-470C-85FB-E673CD5FC9E1}"
EndProject
Project("{FAE04EC0-301F-11D3-BF4B-00C04F79EFBC}") = "Bifrost.Unity", "..\Bifrost.Unity\Bifrost.Unity.csproj", "{4CDE2CC3-5D02-431B-BCCE-E332B9FDD665}"
EndProject
Project("{FAE04EC0-301F-11D3-BF4B-00C04F79EFBC}") = "Bifrost.RavenDB.Embeddable", "..\Bifrost.RavenDb.Embeddable\Bifrost.RavenDB.Embeddable.csproj", "{A6B34814-3554-4849-A54E-C7AD1A7BB8E1}"
EndProject
Project("{FAE04EC0-301F-11D3-BF4B-00C04F79EFBC}") = "Bifrost.Ninject.Silverlight", "..\Bifrost.Ninject.Silverlight\Bifrost.Ninject.Silverlight.csproj", "{27089447-9E63-45C4-B14B-7AEF8B933294}"
EndProject
Project("{FAE04EC0-301F-11D3-BF4B-00C04F79EFBC}") = "Bifrost.MongoDB", "..\Bifrost.MongoDb\Bifrost.MongoDB.csproj", "{63BBC1F3-E5E0-4902-BADF-1589F91C0BEA}"
EndProject
Project("{FAE04EC0-301F-11D3-BF4B-00C04F79EFBC}") = "Bifrost.Ninject.Specs", "..\Bifrost.Ninject.Specs\Bifrost.Ninject.Specs.csproj", "{0F449F28-D18B-4D52-B444-A18546F82FE6}"
EndProject
Project("{FAE04EC0-301F-11D3-BF4B-00C04F79EFBC}") = "Bifrost.Web.Mvc.Specs", "..\Bifrost.Web.Mvc.Specs\Bifrost.Web.Mvc.Specs.csproj", "{D3B18D07-0B19-4CDE-8A32-33F69C404C03}"
EndProject
Project("{FAE04EC0-301F-11D3-BF4B-00C04F79EFBC}") = "Bifrost.Services", "..\Bifrost.Services\Bifrost.Services.csproj", "{2928688F-2D89-4C2B-AB59-F82B80A14009}"
EndProject
Project("{FAE04EC0-301F-11D3-BF4B-00C04F79EFBC}") = "Bifrost.Services.Specs", "..\Bifrost.Services.Specs\Bifrost.Services.Specs.csproj", "{320C59E8-148F-494D-8334-309F39CBBFEE}"
EndProject
Project("{FAE04EC0-301F-11D3-BF4B-00C04F79EFBC}") = "Bifrost.JavaScript", "..\Bifrost.JavaScript\Bifrost.JavaScript.csproj", "{15567D0A-4DAF-49CD-9F8F-4FA94AD889D3}"
EndProject
Project("{FAE04EC0-301F-11D3-BF4B-00C04F79EFBC}") = "Bifrost.JavaScript.Specs", "..\Bifrost.JavaScript.Specs\Bifrost.JavaScript.Specs.csproj", "{F3E029DC-EBEB-492F-9CA0-D26DB9F82064}"
EndProject
Project("{FAE04EC0-301F-11D3-BF4B-00C04F79EFBC}") = "Bifrost.Web", "..\Bifrost.Web\Bifrost.Web.csproj", "{0A748BD3-97DD-4C57-8069-4E36656C0A1A}"
EndProject
Project("{FAE04EC0-301F-11D3-BF4B-00C04F79EFBC}") = "Bifrost.JSON.Specs", "..\Bifrost.JSON.Specs\Bifrost.JSON.Specs.csproj", "{E066FF5C-A61E-48CD-AAF5-5A490F5C6F3D}"
EndProject
Project("{FAE04EC0-301F-11D3-BF4B-00C04F79EFBC}") = "Bifrost.Windsor", "..\Bifrost.Windsor\Bifrost.Windsor.csproj", "{7048A168-BF11-48C1-886E-39DBF2EB8B04}"
EndProject
Project("{FAE04EC0-301F-11D3-BF4B-00C04F79EFBC}") = "Bifrost.Content", "..\Bifrost.Content\Bifrost.Content.csproj", "{ACFBFE97-27FE-4D3C-B5F6-B5CBC24F9EF3}"
EndProject
Project("{FAE04EC0-301F-11D3-BF4B-00C04F79EFBC}") = "Bifrost.Content.Specs", "..\Bifrost.Content.Specs\Bifrost.Content.Specs.csproj", "{314E5D80-C9B6-41CD-96AD-E9166D953763}"
EndProject
Project("{FAE04EC0-301F-11D3-BF4B-00C04F79EFBC}") = "Bifrost.Web.Specs", "..\Bifrost.Web.Specs\Bifrost.Web.Specs.csproj", "{C2C2138E-2617-43D6-B552-E0D57FDA7CEA}"
EndProject
Project("{FAE04EC0-301F-11D3-BF4B-00C04F79EFBC}") = "Bifrost.JSON.Silverlight", "..\Bifrost.JSON.Silverlight\Bifrost.JSON.Silverlight.csproj", "{FE9CD87A-E785-49B7-9BC2-2B76526A2D49}"
EndProject
Project("{2150E333-8FDC-42A3-9474-1A3956D46DE8}") = "Documentation", "Documentation", "{5610EC46-9872-42F1-997C-8B1C56396303}"
	ProjectSection(SolutionItems) = preProject
		..\..\Documentation\Bifrost.dxc = ..\..\Documentation\Bifrost.dxc
		..\..\Documentation\Bifrost.dxp = ..\..\Documentation\Bifrost.dxp
	EndProjectSection
EndProject
Project("{FAE04EC0-301F-11D3-BF4B-00C04F79EFBC}") = "Bifrost.Mimir", "..\Bifrost.Mimir\Bifrost.Mimir.csproj", "{3D7F6A67-99BB-449B-B24A-1319F133DCBF}"
EndProject
Project("{2150E333-8FDC-42A3-9474-1A3956D46DE8}") = "Forseti", "Forseti", "{8186F995-DCEF-4ECA-9161-27BAD741B757}"
	ProjectSection(SolutionItems) = preProject
		..\dependencies.config = ..\dependencies.config
		..\forseti.yaml = ..\forseti.yaml
	EndProjectSection
EndProject
Project("{FAE04EC0-301F-11D3-BF4B-00C04F79EFBC}") = "Bifrost.SignalR", "..\Bifrost.SignalR\Bifrost.SignalR.csproj", "{758D6292-93E7-40CB-AB6A-B9402CBBEFB3}"
EndProject
Project("{FAE04EC0-301F-11D3-BF4B-00C04F79EFBC}") = "Bifrost.RavenDB", "..\Bifrost.RavenDB\Bifrost.RavenDB.csproj", "{CB331526-55BF-4887-A0D8-EE721B7FCDD7}"
EndProject
Project("{2150E333-8FDC-42A3-9474-1A3956D46DE8}") = "Mimir", "Mimir", "{75CAD46B-8E8E-4798-97F8-C2463D126431}"
EndProject
Project("{FAE04EC0-301F-11D3-BF4B-00C04F79EFBC}") = "Bifrost.Mimir.Domain", "..\Bifrost.Mimir.Domain\Bifrost.Mimir.Domain.csproj", "{48AFEFD5-2AC8-472C-95A7-78147B255236}"
EndProject
Project("{FAE04EC0-301F-11D3-BF4B-00C04F79EFBC}") = "Bifrost.Mimir.Events", "..\Bifrost.Mimir.Events\Bifrost.Mimir.Events.csproj", "{3E9048BC-11C1-4278-ACBF-2B0DBE7EF9F4}"
EndProject
Project("{FAE04EC0-301F-11D3-BF4B-00C04F79EFBC}") = "Bifrost.Mimir.Web", "..\Bifrost.Mimir.Web\Bifrost.Mimir.Web.csproj", "{94792675-44A2-4DD8-8CF2-1771787A097C}"
EndProject
Project("{FAE04EC0-301F-11D3-BF4B-00C04F79EFBC}") = "Bifrost.Mimir.Views", "..\Bifrost.Mimir.Views\Bifrost.Mimir.Views.csproj", "{0527B124-4719-4358-9214-83858E0353DB}"
EndProject
Global
	GlobalSection(SolutionConfigurationPlatforms) = preSolution
		Debug|Any CPU = Debug|Any CPU
		Debug|Mixed Platforms = Debug|Mixed Platforms
		Debug|x86 = Debug|x86
		Release|Any CPU = Release|Any CPU
		Release|Mixed Platforms = Release|Mixed Platforms
		Release|x86 = Release|x86
	EndGlobalSection
	GlobalSection(ProjectConfigurationPlatforms) = postSolution
		{FB310720-CD89-44B6-BD54-7861F65D8466}.Debug|Any CPU.ActiveCfg = Debug|Any CPU
		{FB310720-CD89-44B6-BD54-7861F65D8466}.Debug|Any CPU.Build.0 = Debug|Any CPU
		{FB310720-CD89-44B6-BD54-7861F65D8466}.Debug|Mixed Platforms.ActiveCfg = Debug|Any CPU
		{FB310720-CD89-44B6-BD54-7861F65D8466}.Debug|Mixed Platforms.Build.0 = Debug|Any CPU
		{FB310720-CD89-44B6-BD54-7861F65D8466}.Debug|x86.ActiveCfg = Debug|Any CPU
		{FB310720-CD89-44B6-BD54-7861F65D8466}.Release|Any CPU.ActiveCfg = Release|Any CPU
		{FB310720-CD89-44B6-BD54-7861F65D8466}.Release|Any CPU.Build.0 = Release|Any CPU
		{FB310720-CD89-44B6-BD54-7861F65D8466}.Release|Mixed Platforms.ActiveCfg = Release|Any CPU
		{FB310720-CD89-44B6-BD54-7861F65D8466}.Release|Mixed Platforms.Build.0 = Release|Any CPU
		{FB310720-CD89-44B6-BD54-7861F65D8466}.Release|x86.ActiveCfg = Release|Any CPU
		{CDAA9409-34B1-4B02-B079-19427E77A3B0}.Debug|Any CPU.ActiveCfg = Debug|Any CPU
		{CDAA9409-34B1-4B02-B079-19427E77A3B0}.Debug|Any CPU.Build.0 = Debug|Any CPU
		{CDAA9409-34B1-4B02-B079-19427E77A3B0}.Debug|Mixed Platforms.ActiveCfg = Release|Any CPU
		{CDAA9409-34B1-4B02-B079-19427E77A3B0}.Debug|Mixed Platforms.Build.0 = Release|Any CPU
		{CDAA9409-34B1-4B02-B079-19427E77A3B0}.Debug|x86.ActiveCfg = Debug|Any CPU
		{CDAA9409-34B1-4B02-B079-19427E77A3B0}.Release|Any CPU.ActiveCfg = Release|Any CPU
		{CDAA9409-34B1-4B02-B079-19427E77A3B0}.Release|Any CPU.Build.0 = Release|Any CPU
		{CDAA9409-34B1-4B02-B079-19427E77A3B0}.Release|Mixed Platforms.ActiveCfg = Release|Any CPU
		{CDAA9409-34B1-4B02-B079-19427E77A3B0}.Release|Mixed Platforms.Build.0 = Release|Any CPU
		{CDAA9409-34B1-4B02-B079-19427E77A3B0}.Release|x86.ActiveCfg = Release|Any CPU
		{1426A0C9-0445-4E65-839B-1B3A1BAECDB7}.Debug|Any CPU.ActiveCfg = Debug|Any CPU
		{1426A0C9-0445-4E65-839B-1B3A1BAECDB7}.Debug|Any CPU.Build.0 = Debug|Any CPU
		{1426A0C9-0445-4E65-839B-1B3A1BAECDB7}.Debug|Mixed Platforms.ActiveCfg = Debug|Any CPU
		{1426A0C9-0445-4E65-839B-1B3A1BAECDB7}.Debug|Mixed Platforms.Build.0 = Debug|Any CPU
		{1426A0C9-0445-4E65-839B-1B3A1BAECDB7}.Debug|x86.ActiveCfg = Debug|Any CPU
		{1426A0C9-0445-4E65-839B-1B3A1BAECDB7}.Release|Any CPU.ActiveCfg = Release|Any CPU
		{1426A0C9-0445-4E65-839B-1B3A1BAECDB7}.Release|Any CPU.Build.0 = Release|Any CPU
		{1426A0C9-0445-4E65-839B-1B3A1BAECDB7}.Release|Mixed Platforms.ActiveCfg = Release|Any CPU
		{1426A0C9-0445-4E65-839B-1B3A1BAECDB7}.Release|Mixed Platforms.Build.0 = Release|Any CPU
		{1426A0C9-0445-4E65-839B-1B3A1BAECDB7}.Release|x86.ActiveCfg = Release|Any CPU
		{54C7D04B-F56D-47CD-8B0A-54C4A978B58B}.Debug|Any CPU.ActiveCfg = Debug|Any CPU
		{54C7D04B-F56D-47CD-8B0A-54C4A978B58B}.Debug|Any CPU.Build.0 = Debug|Any CPU
		{54C7D04B-F56D-47CD-8B0A-54C4A978B58B}.Debug|Mixed Platforms.ActiveCfg = Debug|Any CPU
		{54C7D04B-F56D-47CD-8B0A-54C4A978B58B}.Debug|Mixed Platforms.Build.0 = Debug|Any CPU
		{54C7D04B-F56D-47CD-8B0A-54C4A978B58B}.Debug|x86.ActiveCfg = Debug|Any CPU
		{54C7D04B-F56D-47CD-8B0A-54C4A978B58B}.Release|Any CPU.ActiveCfg = Release|Any CPU
		{54C7D04B-F56D-47CD-8B0A-54C4A978B58B}.Release|Any CPU.Build.0 = Release|Any CPU
		{54C7D04B-F56D-47CD-8B0A-54C4A978B58B}.Release|Mixed Platforms.ActiveCfg = Release|Any CPU
		{54C7D04B-F56D-47CD-8B0A-54C4A978B58B}.Release|Mixed Platforms.Build.0 = Release|Any CPU
		{54C7D04B-F56D-47CD-8B0A-54C4A978B58B}.Release|x86.ActiveCfg = Release|Any CPU
		{3AD8BA49-6972-42B2-81F5-0D45C626F1DF}.Debug|Any CPU.ActiveCfg = Debug|Any CPU
		{3AD8BA49-6972-42B2-81F5-0D45C626F1DF}.Debug|Any CPU.Build.0 = Debug|Any CPU
		{3AD8BA49-6972-42B2-81F5-0D45C626F1DF}.Debug|Mixed Platforms.ActiveCfg = Debug|Any CPU
		{3AD8BA49-6972-42B2-81F5-0D45C626F1DF}.Debug|Mixed Platforms.Build.0 = Debug|Any CPU
		{3AD8BA49-6972-42B2-81F5-0D45C626F1DF}.Debug|x86.ActiveCfg = Debug|Any CPU
		{3AD8BA49-6972-42B2-81F5-0D45C626F1DF}.Release|Any CPU.ActiveCfg = Release|Any CPU
		{3AD8BA49-6972-42B2-81F5-0D45C626F1DF}.Release|Any CPU.Build.0 = Release|Any CPU
		{3AD8BA49-6972-42B2-81F5-0D45C626F1DF}.Release|Mixed Platforms.ActiveCfg = Release|Any CPU
		{3AD8BA49-6972-42B2-81F5-0D45C626F1DF}.Release|Mixed Platforms.Build.0 = Release|Any CPU
		{3AD8BA49-6972-42B2-81F5-0D45C626F1DF}.Release|x86.ActiveCfg = Release|Any CPU
		{73FFB713-2878-4C17-8D5B-E22AF8DE89C5}.Debug|Any CPU.ActiveCfg = Debug|Any CPU
		{73FFB713-2878-4C17-8D5B-E22AF8DE89C5}.Debug|Any CPU.Build.0 = Debug|Any CPU
		{73FFB713-2878-4C17-8D5B-E22AF8DE89C5}.Debug|Mixed Platforms.ActiveCfg = Debug|Any CPU
		{73FFB713-2878-4C17-8D5B-E22AF8DE89C5}.Debug|Mixed Platforms.Build.0 = Debug|Any CPU
		{73FFB713-2878-4C17-8D5B-E22AF8DE89C5}.Debug|x86.ActiveCfg = Debug|Any CPU
		{73FFB713-2878-4C17-8D5B-E22AF8DE89C5}.Release|Any CPU.ActiveCfg = Release|Any CPU
		{73FFB713-2878-4C17-8D5B-E22AF8DE89C5}.Release|Any CPU.Build.0 = Release|Any CPU
		{73FFB713-2878-4C17-8D5B-E22AF8DE89C5}.Release|Mixed Platforms.ActiveCfg = Release|Any CPU
		{73FFB713-2878-4C17-8D5B-E22AF8DE89C5}.Release|Mixed Platforms.Build.0 = Release|Any CPU
		{73FFB713-2878-4C17-8D5B-E22AF8DE89C5}.Release|x86.ActiveCfg = Release|Any CPU
		{01F8E7AE-9AAC-4429-AA8A-BE6C4DE48BA3}.Debug|Any CPU.ActiveCfg = Debug|Any CPU
		{01F8E7AE-9AAC-4429-AA8A-BE6C4DE48BA3}.Debug|Any CPU.Build.0 = Debug|Any CPU
		{01F8E7AE-9AAC-4429-AA8A-BE6C4DE48BA3}.Debug|Mixed Platforms.ActiveCfg = Debug|Any CPU
		{01F8E7AE-9AAC-4429-AA8A-BE6C4DE48BA3}.Debug|Mixed Platforms.Build.0 = Debug|Any CPU
		{01F8E7AE-9AAC-4429-AA8A-BE6C4DE48BA3}.Debug|x86.ActiveCfg = Debug|Any CPU
		{01F8E7AE-9AAC-4429-AA8A-BE6C4DE48BA3}.Release|Any CPU.ActiveCfg = Release|Any CPU
		{01F8E7AE-9AAC-4429-AA8A-BE6C4DE48BA3}.Release|Any CPU.Build.0 = Release|Any CPU
		{01F8E7AE-9AAC-4429-AA8A-BE6C4DE48BA3}.Release|Mixed Platforms.ActiveCfg = Release|Any CPU
		{01F8E7AE-9AAC-4429-AA8A-BE6C4DE48BA3}.Release|Mixed Platforms.Build.0 = Release|Any CPU
		{01F8E7AE-9AAC-4429-AA8A-BE6C4DE48BA3}.Release|x86.ActiveCfg = Release|Any CPU
		{FFE4E208-67F2-47B5-AA92-BA35AB3F4730}.Debug|Any CPU.ActiveCfg = Debug|Any CPU
		{FFE4E208-67F2-47B5-AA92-BA35AB3F4730}.Debug|Any CPU.Build.0 = Debug|Any CPU
		{FFE4E208-67F2-47B5-AA92-BA35AB3F4730}.Debug|Mixed Platforms.ActiveCfg = Debug|Any CPU
		{FFE4E208-67F2-47B5-AA92-BA35AB3F4730}.Debug|Mixed Platforms.Build.0 = Debug|Any CPU
		{FFE4E208-67F2-47B5-AA92-BA35AB3F4730}.Debug|x86.ActiveCfg = Debug|Any CPU
		{FFE4E208-67F2-47B5-AA92-BA35AB3F4730}.Release|Any CPU.ActiveCfg = Release|Any CPU
		{FFE4E208-67F2-47B5-AA92-BA35AB3F4730}.Release|Any CPU.Build.0 = Release|Any CPU
		{FFE4E208-67F2-47B5-AA92-BA35AB3F4730}.Release|Mixed Platforms.ActiveCfg = Release|Any CPU
		{FFE4E208-67F2-47B5-AA92-BA35AB3F4730}.Release|Mixed Platforms.Build.0 = Release|Any CPU
		{FFE4E208-67F2-47B5-AA92-BA35AB3F4730}.Release|x86.ActiveCfg = Release|Any CPU
		{47835DE6-FA79-4888-83B6-F6891891CBB0}.Debug|Any CPU.ActiveCfg = Debug|Any CPU
		{47835DE6-FA79-4888-83B6-F6891891CBB0}.Debug|Any CPU.Build.0 = Debug|Any CPU
		{47835DE6-FA79-4888-83B6-F6891891CBB0}.Debug|Mixed Platforms.ActiveCfg = Debug|Any CPU
		{47835DE6-FA79-4888-83B6-F6891891CBB0}.Debug|Mixed Platforms.Build.0 = Debug|Any CPU
		{47835DE6-FA79-4888-83B6-F6891891CBB0}.Debug|x86.ActiveCfg = Debug|Any CPU
		{47835DE6-FA79-4888-83B6-F6891891CBB0}.Release|Any CPU.ActiveCfg = Release|Any CPU
		{47835DE6-FA79-4888-83B6-F6891891CBB0}.Release|Any CPU.Build.0 = Release|Any CPU
		{47835DE6-FA79-4888-83B6-F6891891CBB0}.Release|Mixed Platforms.ActiveCfg = Release|Any CPU
		{47835DE6-FA79-4888-83B6-F6891891CBB0}.Release|Mixed Platforms.Build.0 = Release|Any CPU
		{47835DE6-FA79-4888-83B6-F6891891CBB0}.Release|x86.ActiveCfg = Release|Any CPU
		{DB77EB6A-DB79-4839-AB30-90593BCE470F}.Debug|Any CPU.ActiveCfg = Debug|Any CPU
		{DB77EB6A-DB79-4839-AB30-90593BCE470F}.Debug|Any CPU.Build.0 = Debug|Any CPU
		{DB77EB6A-DB79-4839-AB30-90593BCE470F}.Debug|Mixed Platforms.ActiveCfg = Debug|Any CPU
		{DB77EB6A-DB79-4839-AB30-90593BCE470F}.Debug|Mixed Platforms.Build.0 = Debug|Any CPU
		{DB77EB6A-DB79-4839-AB30-90593BCE470F}.Debug|x86.ActiveCfg = Debug|Any CPU
		{DB77EB6A-DB79-4839-AB30-90593BCE470F}.Release|Any CPU.ActiveCfg = Release|Any CPU
		{DB77EB6A-DB79-4839-AB30-90593BCE470F}.Release|Any CPU.Build.0 = Release|Any CPU
		{DB77EB6A-DB79-4839-AB30-90593BCE470F}.Release|Mixed Platforms.ActiveCfg = Release|Any CPU
		{DB77EB6A-DB79-4839-AB30-90593BCE470F}.Release|Mixed Platforms.Build.0 = Release|Any CPU
		{DB77EB6A-DB79-4839-AB30-90593BCE470F}.Release|x86.ActiveCfg = Release|Any CPU
		{3EE03158-1BE0-470C-85FB-E673CD5FC9E1}.Debug|Any CPU.ActiveCfg = Debug|Any CPU
		{3EE03158-1BE0-470C-85FB-E673CD5FC9E1}.Debug|Any CPU.Build.0 = Debug|Any CPU
		{3EE03158-1BE0-470C-85FB-E673CD5FC9E1}.Debug|Mixed Platforms.ActiveCfg = Debug|Any CPU
		{3EE03158-1BE0-470C-85FB-E673CD5FC9E1}.Debug|Mixed Platforms.Build.0 = Debug|Any CPU
		{3EE03158-1BE0-470C-85FB-E673CD5FC9E1}.Debug|x86.ActiveCfg = Debug|Any CPU
		{3EE03158-1BE0-470C-85FB-E673CD5FC9E1}.Release|Any CPU.ActiveCfg = Release|Any CPU
		{3EE03158-1BE0-470C-85FB-E673CD5FC9E1}.Release|Any CPU.Build.0 = Release|Any CPU
		{3EE03158-1BE0-470C-85FB-E673CD5FC9E1}.Release|Mixed Platforms.ActiveCfg = Release|Any CPU
		{3EE03158-1BE0-470C-85FB-E673CD5FC9E1}.Release|Mixed Platforms.Build.0 = Release|Any CPU
		{3EE03158-1BE0-470C-85FB-E673CD5FC9E1}.Release|x86.ActiveCfg = Release|Any CPU
		{4CDE2CC3-5D02-431B-BCCE-E332B9FDD665}.Debug|Any CPU.ActiveCfg = Debug|Any CPU
		{4CDE2CC3-5D02-431B-BCCE-E332B9FDD665}.Debug|Any CPU.Build.0 = Debug|Any CPU
		{4CDE2CC3-5D02-431B-BCCE-E332B9FDD665}.Debug|Mixed Platforms.ActiveCfg = Debug|Any CPU
		{4CDE2CC3-5D02-431B-BCCE-E332B9FDD665}.Debug|Mixed Platforms.Build.0 = Debug|Any CPU
		{4CDE2CC3-5D02-431B-BCCE-E332B9FDD665}.Debug|x86.ActiveCfg = Debug|Any CPU
		{4CDE2CC3-5D02-431B-BCCE-E332B9FDD665}.Release|Any CPU.ActiveCfg = Release|Any CPU
		{4CDE2CC3-5D02-431B-BCCE-E332B9FDD665}.Release|Any CPU.Build.0 = Release|Any CPU
		{4CDE2CC3-5D02-431B-BCCE-E332B9FDD665}.Release|Mixed Platforms.ActiveCfg = Release|Any CPU
		{4CDE2CC3-5D02-431B-BCCE-E332B9FDD665}.Release|Mixed Platforms.Build.0 = Release|Any CPU
		{4CDE2CC3-5D02-431B-BCCE-E332B9FDD665}.Release|x86.ActiveCfg = Release|Any CPU
		{A6B34814-3554-4849-A54E-C7AD1A7BB8E1}.Debug|Any CPU.ActiveCfg = Debug|Any CPU
		{A6B34814-3554-4849-A54E-C7AD1A7BB8E1}.Debug|Any CPU.Build.0 = Debug|Any CPU
		{A6B34814-3554-4849-A54E-C7AD1A7BB8E1}.Debug|Mixed Platforms.ActiveCfg = Debug|Any CPU
		{A6B34814-3554-4849-A54E-C7AD1A7BB8E1}.Debug|Mixed Platforms.Build.0 = Debug|Any CPU
		{A6B34814-3554-4849-A54E-C7AD1A7BB8E1}.Debug|x86.ActiveCfg = Debug|Any CPU
		{A6B34814-3554-4849-A54E-C7AD1A7BB8E1}.Release|Any CPU.ActiveCfg = Release|Any CPU
		{A6B34814-3554-4849-A54E-C7AD1A7BB8E1}.Release|Any CPU.Build.0 = Release|Any CPU
		{A6B34814-3554-4849-A54E-C7AD1A7BB8E1}.Release|Mixed Platforms.ActiveCfg = Release|Any CPU
		{A6B34814-3554-4849-A54E-C7AD1A7BB8E1}.Release|Mixed Platforms.Build.0 = Release|Any CPU
		{A6B34814-3554-4849-A54E-C7AD1A7BB8E1}.Release|x86.ActiveCfg = Release|Any CPU
		{27089447-9E63-45C4-B14B-7AEF8B933294}.Debug|Any CPU.ActiveCfg = Debug|Any CPU
		{27089447-9E63-45C4-B14B-7AEF8B933294}.Debug|Any CPU.Build.0 = Debug|Any CPU
		{27089447-9E63-45C4-B14B-7AEF8B933294}.Debug|Mixed Platforms.ActiveCfg = Debug|Any CPU
		{27089447-9E63-45C4-B14B-7AEF8B933294}.Debug|Mixed Platforms.Build.0 = Debug|Any CPU
		{27089447-9E63-45C4-B14B-7AEF8B933294}.Debug|x86.ActiveCfg = Debug|Any CPU
		{27089447-9E63-45C4-B14B-7AEF8B933294}.Release|Any CPU.ActiveCfg = Release|Any CPU
		{27089447-9E63-45C4-B14B-7AEF8B933294}.Release|Any CPU.Build.0 = Release|Any CPU
		{27089447-9E63-45C4-B14B-7AEF8B933294}.Release|Mixed Platforms.ActiveCfg = Release|Any CPU
		{27089447-9E63-45C4-B14B-7AEF8B933294}.Release|Mixed Platforms.Build.0 = Release|Any CPU
		{27089447-9E63-45C4-B14B-7AEF8B933294}.Release|x86.ActiveCfg = Release|Any CPU
		{63BBC1F3-E5E0-4902-BADF-1589F91C0BEA}.Debug|Any CPU.ActiveCfg = Debug|Any CPU
		{63BBC1F3-E5E0-4902-BADF-1589F91C0BEA}.Debug|Any CPU.Build.0 = Debug|Any CPU
		{63BBC1F3-E5E0-4902-BADF-1589F91C0BEA}.Debug|Mixed Platforms.ActiveCfg = Debug|Any CPU
		{63BBC1F3-E5E0-4902-BADF-1589F91C0BEA}.Debug|Mixed Platforms.Build.0 = Debug|Any CPU
		{63BBC1F3-E5E0-4902-BADF-1589F91C0BEA}.Debug|x86.ActiveCfg = Debug|Any CPU
		{63BBC1F3-E5E0-4902-BADF-1589F91C0BEA}.Release|Any CPU.ActiveCfg = Release|Any CPU
		{63BBC1F3-E5E0-4902-BADF-1589F91C0BEA}.Release|Any CPU.Build.0 = Release|Any CPU
		{63BBC1F3-E5E0-4902-BADF-1589F91C0BEA}.Release|Mixed Platforms.ActiveCfg = Release|Any CPU
		{63BBC1F3-E5E0-4902-BADF-1589F91C0BEA}.Release|Mixed Platforms.Build.0 = Release|Any CPU
		{63BBC1F3-E5E0-4902-BADF-1589F91C0BEA}.Release|x86.ActiveCfg = Release|Any CPU
		{0F449F28-D18B-4D52-B444-A18546F82FE6}.Debug|Any CPU.ActiveCfg = Debug|Any CPU
		{0F449F28-D18B-4D52-B444-A18546F82FE6}.Debug|Any CPU.Build.0 = Debug|Any CPU
		{0F449F28-D18B-4D52-B444-A18546F82FE6}.Debug|Mixed Platforms.ActiveCfg = Debug|Any CPU
		{0F449F28-D18B-4D52-B444-A18546F82FE6}.Debug|Mixed Platforms.Build.0 = Debug|Any CPU
		{0F449F28-D18B-4D52-B444-A18546F82FE6}.Debug|x86.ActiveCfg = Debug|Any CPU
		{0F449F28-D18B-4D52-B444-A18546F82FE6}.Release|Any CPU.ActiveCfg = Release|Any CPU
		{0F449F28-D18B-4D52-B444-A18546F82FE6}.Release|Any CPU.Build.0 = Release|Any CPU
		{0F449F28-D18B-4D52-B444-A18546F82FE6}.Release|Mixed Platforms.ActiveCfg = Release|Any CPU
		{0F449F28-D18B-4D52-B444-A18546F82FE6}.Release|Mixed Platforms.Build.0 = Release|Any CPU
		{0F449F28-D18B-4D52-B444-A18546F82FE6}.Release|x86.ActiveCfg = Release|Any CPU
		{D3B18D07-0B19-4CDE-8A32-33F69C404C03}.Debug|Any CPU.ActiveCfg = Debug|Any CPU
		{D3B18D07-0B19-4CDE-8A32-33F69C404C03}.Debug|Any CPU.Build.0 = Debug|Any CPU
		{D3B18D07-0B19-4CDE-8A32-33F69C404C03}.Debug|Mixed Platforms.ActiveCfg = Debug|Any CPU
		{D3B18D07-0B19-4CDE-8A32-33F69C404C03}.Debug|Mixed Platforms.Build.0 = Debug|Any CPU
		{D3B18D07-0B19-4CDE-8A32-33F69C404C03}.Debug|x86.ActiveCfg = Debug|Any CPU
		{D3B18D07-0B19-4CDE-8A32-33F69C404C03}.Release|Any CPU.ActiveCfg = Release|Any CPU
		{D3B18D07-0B19-4CDE-8A32-33F69C404C03}.Release|Any CPU.Build.0 = Release|Any CPU
		{D3B18D07-0B19-4CDE-8A32-33F69C404C03}.Release|Mixed Platforms.ActiveCfg = Release|Any CPU
		{D3B18D07-0B19-4CDE-8A32-33F69C404C03}.Release|Mixed Platforms.Build.0 = Release|Any CPU
		{D3B18D07-0B19-4CDE-8A32-33F69C404C03}.Release|x86.ActiveCfg = Release|Any CPU
		{2928688F-2D89-4C2B-AB59-F82B80A14009}.Debug|Any CPU.ActiveCfg = Debug|Any CPU
		{2928688F-2D89-4C2B-AB59-F82B80A14009}.Debug|Any CPU.Build.0 = Debug|Any CPU
		{2928688F-2D89-4C2B-AB59-F82B80A14009}.Debug|Mixed Platforms.ActiveCfg = Debug|Any CPU
		{2928688F-2D89-4C2B-AB59-F82B80A14009}.Debug|Mixed Platforms.Build.0 = Debug|Any CPU
		{2928688F-2D89-4C2B-AB59-F82B80A14009}.Debug|x86.ActiveCfg = Debug|Any CPU
		{2928688F-2D89-4C2B-AB59-F82B80A14009}.Release|Any CPU.ActiveCfg = Release|Any CPU
		{2928688F-2D89-4C2B-AB59-F82B80A14009}.Release|Any CPU.Build.0 = Release|Any CPU
		{2928688F-2D89-4C2B-AB59-F82B80A14009}.Release|Mixed Platforms.ActiveCfg = Release|Any CPU
		{2928688F-2D89-4C2B-AB59-F82B80A14009}.Release|Mixed Platforms.Build.0 = Release|Any CPU
		{2928688F-2D89-4C2B-AB59-F82B80A14009}.Release|x86.ActiveCfg = Release|Any CPU
		{320C59E8-148F-494D-8334-309F39CBBFEE}.Debug|Any CPU.ActiveCfg = Debug|Any CPU
		{320C59E8-148F-494D-8334-309F39CBBFEE}.Debug|Any CPU.Build.0 = Debug|Any CPU
		{320C59E8-148F-494D-8334-309F39CBBFEE}.Debug|Mixed Platforms.ActiveCfg = Debug|Any CPU
		{320C59E8-148F-494D-8334-309F39CBBFEE}.Debug|Mixed Platforms.Build.0 = Debug|Any CPU
		{320C59E8-148F-494D-8334-309F39CBBFEE}.Debug|x86.ActiveCfg = Debug|Any CPU
		{320C59E8-148F-494D-8334-309F39CBBFEE}.Release|Any CPU.ActiveCfg = Release|Any CPU
		{320C59E8-148F-494D-8334-309F39CBBFEE}.Release|Any CPU.Build.0 = Release|Any CPU
		{320C59E8-148F-494D-8334-309F39CBBFEE}.Release|Mixed Platforms.ActiveCfg = Release|Any CPU
		{320C59E8-148F-494D-8334-309F39CBBFEE}.Release|Mixed Platforms.Build.0 = Release|Any CPU
		{320C59E8-148F-494D-8334-309F39CBBFEE}.Release|x86.ActiveCfg = Release|Any CPU
		{15567D0A-4DAF-49CD-9F8F-4FA94AD889D3}.Debug|Any CPU.ActiveCfg = Debug|Any CPU
		{15567D0A-4DAF-49CD-9F8F-4FA94AD889D3}.Debug|Mixed Platforms.ActiveCfg = Debug|Any CPU
		{15567D0A-4DAF-49CD-9F8F-4FA94AD889D3}.Debug|x86.ActiveCfg = Debug|Any CPU
		{15567D0A-4DAF-49CD-9F8F-4FA94AD889D3}.Release|Any CPU.ActiveCfg = Release|Any CPU
		{15567D0A-4DAF-49CD-9F8F-4FA94AD889D3}.Release|Mixed Platforms.ActiveCfg = Release|Any CPU
		{15567D0A-4DAF-49CD-9F8F-4FA94AD889D3}.Release|Mixed Platforms.Build.0 = Release|Any CPU
		{15567D0A-4DAF-49CD-9F8F-4FA94AD889D3}.Release|x86.ActiveCfg = Release|Any CPU
		{F3E029DC-EBEB-492F-9CA0-D26DB9F82064}.Debug|Any CPU.ActiveCfg = Debug|Any CPU
		{F3E029DC-EBEB-492F-9CA0-D26DB9F82064}.Debug|Mixed Platforms.ActiveCfg = Debug|Any CPU
		{F3E029DC-EBEB-492F-9CA0-D26DB9F82064}.Debug|x86.ActiveCfg = Debug|Any CPU
		{F3E029DC-EBEB-492F-9CA0-D26DB9F82064}.Release|Any CPU.ActiveCfg = Release|Any CPU
		{F3E029DC-EBEB-492F-9CA0-D26DB9F82064}.Release|Mixed Platforms.ActiveCfg = Release|Any CPU
		{F3E029DC-EBEB-492F-9CA0-D26DB9F82064}.Release|Mixed Platforms.Build.0 = Release|Any CPU
		{F3E029DC-EBEB-492F-9CA0-D26DB9F82064}.Release|x86.ActiveCfg = Release|Any CPU
		{0A748BD3-97DD-4C57-8069-4E36656C0A1A}.Debug|Any CPU.ActiveCfg = Debug|Any CPU
		{0A748BD3-97DD-4C57-8069-4E36656C0A1A}.Debug|Any CPU.Build.0 = Debug|Any CPU
		{0A748BD3-97DD-4C57-8069-4E36656C0A1A}.Debug|Mixed Platforms.ActiveCfg = Debug|Any CPU
		{0A748BD3-97DD-4C57-8069-4E36656C0A1A}.Debug|Mixed Platforms.Build.0 = Debug|Any CPU
		{0A748BD3-97DD-4C57-8069-4E36656C0A1A}.Debug|x86.ActiveCfg = Debug|Any CPU
		{0A748BD3-97DD-4C57-8069-4E36656C0A1A}.Release|Any CPU.ActiveCfg = Release|Any CPU
		{0A748BD3-97DD-4C57-8069-4E36656C0A1A}.Release|Any CPU.Build.0 = Release|Any CPU
		{0A748BD3-97DD-4C57-8069-4E36656C0A1A}.Release|Mixed Platforms.ActiveCfg = Release|Any CPU
		{0A748BD3-97DD-4C57-8069-4E36656C0A1A}.Release|Mixed Platforms.Build.0 = Release|Any CPU
		{0A748BD3-97DD-4C57-8069-4E36656C0A1A}.Release|x86.ActiveCfg = Release|Any CPU
		{E066FF5C-A61E-48CD-AAF5-5A490F5C6F3D}.Debug|Any CPU.ActiveCfg = Debug|Any CPU
		{E066FF5C-A61E-48CD-AAF5-5A490F5C6F3D}.Debug|Any CPU.Build.0 = Debug|Any CPU
		{E066FF5C-A61E-48CD-AAF5-5A490F5C6F3D}.Debug|Mixed Platforms.ActiveCfg = Debug|Any CPU
		{E066FF5C-A61E-48CD-AAF5-5A490F5C6F3D}.Debug|Mixed Platforms.Build.0 = Debug|Any CPU
		{E066FF5C-A61E-48CD-AAF5-5A490F5C6F3D}.Debug|x86.ActiveCfg = Debug|Any CPU
		{E066FF5C-A61E-48CD-AAF5-5A490F5C6F3D}.Release|Any CPU.ActiveCfg = Release|Any CPU
		{E066FF5C-A61E-48CD-AAF5-5A490F5C6F3D}.Release|Any CPU.Build.0 = Release|Any CPU
		{E066FF5C-A61E-48CD-AAF5-5A490F5C6F3D}.Release|Mixed Platforms.ActiveCfg = Release|Any CPU
		{E066FF5C-A61E-48CD-AAF5-5A490F5C6F3D}.Release|Mixed Platforms.Build.0 = Release|Any CPU
		{E066FF5C-A61E-48CD-AAF5-5A490F5C6F3D}.Release|x86.ActiveCfg = Release|Any CPU
		{7048A168-BF11-48C1-886E-39DBF2EB8B04}.Debug|Any CPU.ActiveCfg = Debug|Any CPU
		{7048A168-BF11-48C1-886E-39DBF2EB8B04}.Debug|Any CPU.Build.0 = Debug|Any CPU
		{7048A168-BF11-48C1-886E-39DBF2EB8B04}.Debug|Mixed Platforms.ActiveCfg = Debug|Any CPU
		{7048A168-BF11-48C1-886E-39DBF2EB8B04}.Debug|Mixed Platforms.Build.0 = Debug|Any CPU
		{7048A168-BF11-48C1-886E-39DBF2EB8B04}.Debug|x86.ActiveCfg = Debug|Any CPU
		{7048A168-BF11-48C1-886E-39DBF2EB8B04}.Release|Any CPU.ActiveCfg = Release|Any CPU
		{7048A168-BF11-48C1-886E-39DBF2EB8B04}.Release|Any CPU.Build.0 = Release|Any CPU
		{7048A168-BF11-48C1-886E-39DBF2EB8B04}.Release|Mixed Platforms.ActiveCfg = Release|Any CPU
		{7048A168-BF11-48C1-886E-39DBF2EB8B04}.Release|Mixed Platforms.Build.0 = Release|Any CPU
		{7048A168-BF11-48C1-886E-39DBF2EB8B04}.Release|x86.ActiveCfg = Release|Any CPU
		{ACFBFE97-27FE-4D3C-B5F6-B5CBC24F9EF3}.Debug|Any CPU.ActiveCfg = Debug|Any CPU
		{ACFBFE97-27FE-4D3C-B5F6-B5CBC24F9EF3}.Debug|Any CPU.Build.0 = Debug|Any CPU
		{ACFBFE97-27FE-4D3C-B5F6-B5CBC24F9EF3}.Debug|Mixed Platforms.ActiveCfg = Debug|Any CPU
		{ACFBFE97-27FE-4D3C-B5F6-B5CBC24F9EF3}.Debug|Mixed Platforms.Build.0 = Debug|Any CPU
		{ACFBFE97-27FE-4D3C-B5F6-B5CBC24F9EF3}.Debug|x86.ActiveCfg = Debug|Any CPU
		{ACFBFE97-27FE-4D3C-B5F6-B5CBC24F9EF3}.Release|Any CPU.ActiveCfg = Release|Any CPU
		{ACFBFE97-27FE-4D3C-B5F6-B5CBC24F9EF3}.Release|Any CPU.Build.0 = Release|Any CPU
		{ACFBFE97-27FE-4D3C-B5F6-B5CBC24F9EF3}.Release|Mixed Platforms.ActiveCfg = Release|Any CPU
		{ACFBFE97-27FE-4D3C-B5F6-B5CBC24F9EF3}.Release|Mixed Platforms.Build.0 = Release|Any CPU
		{ACFBFE97-27FE-4D3C-B5F6-B5CBC24F9EF3}.Release|x86.ActiveCfg = Release|Any CPU
		{314E5D80-C9B6-41CD-96AD-E9166D953763}.Debug|Any CPU.ActiveCfg = Debug|Any CPU
		{314E5D80-C9B6-41CD-96AD-E9166D953763}.Debug|Any CPU.Build.0 = Debug|Any CPU
		{314E5D80-C9B6-41CD-96AD-E9166D953763}.Debug|Mixed Platforms.ActiveCfg = Debug|Any CPU
		{314E5D80-C9B6-41CD-96AD-E9166D953763}.Debug|Mixed Platforms.Build.0 = Debug|Any CPU
		{314E5D80-C9B6-41CD-96AD-E9166D953763}.Debug|x86.ActiveCfg = Debug|Any CPU
		{314E5D80-C9B6-41CD-96AD-E9166D953763}.Release|Any CPU.ActiveCfg = Release|Any CPU
		{314E5D80-C9B6-41CD-96AD-E9166D953763}.Release|Any CPU.Build.0 = Release|Any CPU
		{314E5D80-C9B6-41CD-96AD-E9166D953763}.Release|Mixed Platforms.ActiveCfg = Release|Any CPU
		{314E5D80-C9B6-41CD-96AD-E9166D953763}.Release|Mixed Platforms.Build.0 = Release|Any CPU
		{314E5D80-C9B6-41CD-96AD-E9166D953763}.Release|x86.ActiveCfg = Release|Any CPU
		{C2C2138E-2617-43D6-B552-E0D57FDA7CEA}.Debug|Any CPU.ActiveCfg = Debug|Any CPU
		{C2C2138E-2617-43D6-B552-E0D57FDA7CEA}.Debug|Any CPU.Build.0 = Debug|Any CPU
		{C2C2138E-2617-43D6-B552-E0D57FDA7CEA}.Debug|Mixed Platforms.ActiveCfg = Debug|Any CPU
		{C2C2138E-2617-43D6-B552-E0D57FDA7CEA}.Debug|Mixed Platforms.Build.0 = Debug|Any CPU
		{C2C2138E-2617-43D6-B552-E0D57FDA7CEA}.Debug|x86.ActiveCfg = Debug|Any CPU
		{C2C2138E-2617-43D6-B552-E0D57FDA7CEA}.Release|Any CPU.ActiveCfg = Release|Any CPU
		{C2C2138E-2617-43D6-B552-E0D57FDA7CEA}.Release|Any CPU.Build.0 = Release|Any CPU
		{C2C2138E-2617-43D6-B552-E0D57FDA7CEA}.Release|Mixed Platforms.ActiveCfg = Release|Any CPU
		{C2C2138E-2617-43D6-B552-E0D57FDA7CEA}.Release|Mixed Platforms.Build.0 = Release|Any CPU
		{C2C2138E-2617-43D6-B552-E0D57FDA7CEA}.Release|x86.ActiveCfg = Release|Any CPU
		{FE9CD87A-E785-49B7-9BC2-2B76526A2D49}.Debug|Any CPU.ActiveCfg = Debug|Any CPU
		{FE9CD87A-E785-49B7-9BC2-2B76526A2D49}.Debug|Any CPU.Build.0 = Debug|Any CPU
		{FE9CD87A-E785-49B7-9BC2-2B76526A2D49}.Debug|Mixed Platforms.ActiveCfg = Debug|Any CPU
		{FE9CD87A-E785-49B7-9BC2-2B76526A2D49}.Debug|Mixed Platforms.Build.0 = Debug|Any CPU
		{FE9CD87A-E785-49B7-9BC2-2B76526A2D49}.Debug|x86.ActiveCfg = Debug|Any CPU
		{FE9CD87A-E785-49B7-9BC2-2B76526A2D49}.Release|Any CPU.ActiveCfg = Release|Any CPU
		{FE9CD87A-E785-49B7-9BC2-2B76526A2D49}.Release|Any CPU.Build.0 = Release|Any CPU
		{FE9CD87A-E785-49B7-9BC2-2B76526A2D49}.Release|Mixed Platforms.ActiveCfg = Release|Any CPU
		{FE9CD87A-E785-49B7-9BC2-2B76526A2D49}.Release|Mixed Platforms.Build.0 = Release|Any CPU
		{FE9CD87A-E785-49B7-9BC2-2B76526A2D49}.Release|x86.ActiveCfg = Release|Any CPU
		{3D7F6A67-99BB-449B-B24A-1319F133DCBF}.Debug|Any CPU.ActiveCfg = Debug|Any CPU
		{3D7F6A67-99BB-449B-B24A-1319F133DCBF}.Debug|Any CPU.Build.0 = Debug|Any CPU
		{3D7F6A67-99BB-449B-B24A-1319F133DCBF}.Debug|Mixed Platforms.ActiveCfg = Debug|Any CPU
		{3D7F6A67-99BB-449B-B24A-1319F133DCBF}.Debug|Mixed Platforms.Build.0 = Debug|Any CPU
		{3D7F6A67-99BB-449B-B24A-1319F133DCBF}.Debug|x86.ActiveCfg = Debug|Any CPU
		{3D7F6A67-99BB-449B-B24A-1319F133DCBF}.Release|Any CPU.ActiveCfg = Release|Any CPU
		{3D7F6A67-99BB-449B-B24A-1319F133DCBF}.Release|Any CPU.Build.0 = Release|Any CPU
		{3D7F6A67-99BB-449B-B24A-1319F133DCBF}.Release|Mixed Platforms.ActiveCfg = Release|Any CPU
		{3D7F6A67-99BB-449B-B24A-1319F133DCBF}.Release|Mixed Platforms.Build.0 = Release|Any CPU
		{3D7F6A67-99BB-449B-B24A-1319F133DCBF}.Release|x86.ActiveCfg = Release|Any CPU
		{758D6292-93E7-40CB-AB6A-B9402CBBEFB3}.Debug|Any CPU.ActiveCfg = Debug|Any CPU
		{758D6292-93E7-40CB-AB6A-B9402CBBEFB3}.Debug|Any CPU.Build.0 = Debug|Any CPU
		{758D6292-93E7-40CB-AB6A-B9402CBBEFB3}.Debug|Mixed Platforms.ActiveCfg = Debug|Any CPU
		{758D6292-93E7-40CB-AB6A-B9402CBBEFB3}.Debug|Mixed Platforms.Build.0 = Debug|Any CPU
		{758D6292-93E7-40CB-AB6A-B9402CBBEFB3}.Debug|x86.ActiveCfg = Debug|Any CPU
		{758D6292-93E7-40CB-AB6A-B9402CBBEFB3}.Release|Any CPU.ActiveCfg = Release|Any CPU
		{758D6292-93E7-40CB-AB6A-B9402CBBEFB3}.Release|Any CPU.Build.0 = Release|Any CPU
		{758D6292-93E7-40CB-AB6A-B9402CBBEFB3}.Release|Mixed Platforms.ActiveCfg = Release|Any CPU
		{758D6292-93E7-40CB-AB6A-B9402CBBEFB3}.Release|Mixed Platforms.Build.0 = Release|Any CPU
		{758D6292-93E7-40CB-AB6A-B9402CBBEFB3}.Release|x86.ActiveCfg = Release|Any CPU
		{CB331526-55BF-4887-A0D8-EE721B7FCDD7}.Debug|Any CPU.ActiveCfg = Debug|Any CPU
		{CB331526-55BF-4887-A0D8-EE721B7FCDD7}.Debug|Any CPU.Build.0 = Debug|Any CPU
		{CB331526-55BF-4887-A0D8-EE721B7FCDD7}.Debug|Mixed Platforms.ActiveCfg = Debug|Any CPU
		{CB331526-55BF-4887-A0D8-EE721B7FCDD7}.Debug|Mixed Platforms.Build.0 = Debug|Any CPU
		{CB331526-55BF-4887-A0D8-EE721B7FCDD7}.Debug|x86.ActiveCfg = Debug|Any CPU
		{CB331526-55BF-4887-A0D8-EE721B7FCDD7}.Release|Any CPU.ActiveCfg = Release|Any CPU
		{CB331526-55BF-4887-A0D8-EE721B7FCDD7}.Release|Any CPU.Build.0 = Release|Any CPU
		{CB331526-55BF-4887-A0D8-EE721B7FCDD7}.Release|Mixed Platforms.ActiveCfg = Release|Any CPU
		{CB331526-55BF-4887-A0D8-EE721B7FCDD7}.Release|Mixed Platforms.Build.0 = Release|Any CPU
		{CB331526-55BF-4887-A0D8-EE721B7FCDD7}.Release|x86.ActiveCfg = Release|Any CPU
		{48AFEFD5-2AC8-472C-95A7-78147B255236}.Debug|Any CPU.ActiveCfg = Debug|Any CPU
		{48AFEFD5-2AC8-472C-95A7-78147B255236}.Debug|Any CPU.Build.0 = Debug|Any CPU
		{48AFEFD5-2AC8-472C-95A7-78147B255236}.Debug|Mixed Platforms.ActiveCfg = Debug|Any CPU
		{48AFEFD5-2AC8-472C-95A7-78147B255236}.Debug|Mixed Platforms.Build.0 = Debug|Any CPU
		{48AFEFD5-2AC8-472C-95A7-78147B255236}.Debug|x86.ActiveCfg = Debug|Any CPU
		{48AFEFD5-2AC8-472C-95A7-78147B255236}.Release|Any CPU.ActiveCfg = Release|Any CPU
		{48AFEFD5-2AC8-472C-95A7-78147B255236}.Release|Any CPU.Build.0 = Release|Any CPU
		{48AFEFD5-2AC8-472C-95A7-78147B255236}.Release|Mixed Platforms.ActiveCfg = Release|Any CPU
		{48AFEFD5-2AC8-472C-95A7-78147B255236}.Release|Mixed Platforms.Build.0 = Release|Any CPU
		{48AFEFD5-2AC8-472C-95A7-78147B255236}.Release|x86.ActiveCfg = Release|Any CPU
		{3E9048BC-11C1-4278-ACBF-2B0DBE7EF9F4}.Debug|Any CPU.ActiveCfg = Debug|Any CPU
		{3E9048BC-11C1-4278-ACBF-2B0DBE7EF9F4}.Debug|Any CPU.Build.0 = Debug|Any CPU
		{3E9048BC-11C1-4278-ACBF-2B0DBE7EF9F4}.Debug|Mixed Platforms.ActiveCfg = Debug|Any CPU
		{3E9048BC-11C1-4278-ACBF-2B0DBE7EF9F4}.Debug|Mixed Platforms.Build.0 = Debug|Any CPU
		{3E9048BC-11C1-4278-ACBF-2B0DBE7EF9F4}.Debug|x86.ActiveCfg = Debug|Any CPU
		{3E9048BC-11C1-4278-ACBF-2B0DBE7EF9F4}.Release|Any CPU.ActiveCfg = Release|Any CPU
		{3E9048BC-11C1-4278-ACBF-2B0DBE7EF9F4}.Release|Any CPU.Build.0 = Release|Any CPU
		{3E9048BC-11C1-4278-ACBF-2B0DBE7EF9F4}.Release|Mixed Platforms.ActiveCfg = Release|Any CPU
		{3E9048BC-11C1-4278-ACBF-2B0DBE7EF9F4}.Release|Mixed Platforms.Build.0 = Release|Any CPU
		{3E9048BC-11C1-4278-ACBF-2B0DBE7EF9F4}.Release|x86.ActiveCfg = Release|Any CPU
		{94792675-44A2-4DD8-8CF2-1771787A097C}.Debug|Any CPU.ActiveCfg = Debug|Any CPU
		{94792675-44A2-4DD8-8CF2-1771787A097C}.Debug|Any CPU.Build.0 = Debug|Any CPU
		{94792675-44A2-4DD8-8CF2-1771787A097C}.Debug|Mixed Platforms.ActiveCfg = Debug|Any CPU
		{94792675-44A2-4DD8-8CF2-1771787A097C}.Debug|Mixed Platforms.Build.0 = Debug|Any CPU
		{94792675-44A2-4DD8-8CF2-1771787A097C}.Debug|x86.ActiveCfg = Debug|Any CPU
		{94792675-44A2-4DD8-8CF2-1771787A097C}.Release|Any CPU.ActiveCfg = Release|Any CPU
		{94792675-44A2-4DD8-8CF2-1771787A097C}.Release|Any CPU.Build.0 = Release|Any CPU
		{94792675-44A2-4DD8-8CF2-1771787A097C}.Release|Mixed Platforms.ActiveCfg = Release|Any CPU
		{94792675-44A2-4DD8-8CF2-1771787A097C}.Release|Mixed Platforms.Build.0 = Release|Any CPU
		{94792675-44A2-4DD8-8CF2-1771787A097C}.Release|x86.ActiveCfg = Release|Any CPU
		{0527B124-4719-4358-9214-83858E0353DB}.Debug|Any CPU.ActiveCfg = Debug|Any CPU
		{0527B124-4719-4358-9214-83858E0353DB}.Debug|Any CPU.Build.0 = Debug|Any CPU
		{0527B124-4719-4358-9214-83858E0353DB}.Debug|Mixed Platforms.ActiveCfg = Debug|Any CPU
		{0527B124-4719-4358-9214-83858E0353DB}.Debug|Mixed Platforms.Build.0 = Debug|Any CPU
		{0527B124-4719-4358-9214-83858E0353DB}.Debug|x86.ActiveCfg = Debug|Any CPU
		{0527B124-4719-4358-9214-83858E0353DB}.Release|Any CPU.ActiveCfg = Release|Any CPU
		{0527B124-4719-4358-9214-83858E0353DB}.Release|Any CPU.Build.0 = Release|Any CPU
		{0527B124-4719-4358-9214-83858E0353DB}.Release|Mixed Platforms.ActiveCfg = Release|Any CPU
		{0527B124-4719-4358-9214-83858E0353DB}.Release|Mixed Platforms.Build.0 = Release|Any CPU
		{0527B124-4719-4358-9214-83858E0353DB}.Release|x86.ActiveCfg = Release|Any CPU
	EndGlobalSection
	GlobalSection(SolutionProperties) = preSolution
		HideSolutionNode = FALSE
	EndGlobalSection
	GlobalSection(NestedProjects) = preSolution
		{FB310720-CD89-44B6-BD54-7861F65D8466} = {1663A5F5-14BA-4FDD-8D0D-B80996A32623}
		{CDAA9409-34B1-4B02-B079-19427E77A3B0} = {1663A5F5-14BA-4FDD-8D0D-B80996A32623}
		{1426A0C9-0445-4E65-839B-1B3A1BAECDB7} = {1663A5F5-14BA-4FDD-8D0D-B80996A32623}
		{54C7D04B-F56D-47CD-8B0A-54C4A978B58B} = {2B61FCED-42AC-48B3-B2E9-6F0EE50E0674}
		{3AD8BA49-6972-42B2-81F5-0D45C626F1DF} = {2B61FCED-42AC-48B3-B2E9-6F0EE50E0674}
		{73FFB713-2878-4C17-8D5B-E22AF8DE89C5} = {2B61FCED-42AC-48B3-B2E9-6F0EE50E0674}
		{01F8E7AE-9AAC-4429-AA8A-BE6C4DE48BA3} = {2B61FCED-42AC-48B3-B2E9-6F0EE50E0674}
		{FFE4E208-67F2-47B5-AA92-BA35AB3F4730} = {2B61FCED-42AC-48B3-B2E9-6F0EE50E0674}
		{47835DE6-FA79-4888-83B6-F6891891CBB0} = {2B61FCED-42AC-48B3-B2E9-6F0EE50E0674}
		{DB77EB6A-DB79-4839-AB30-90593BCE470F} = {2B61FCED-42AC-48B3-B2E9-6F0EE50E0674}
		{3EE03158-1BE0-470C-85FB-E673CD5FC9E1} = {2B61FCED-42AC-48B3-B2E9-6F0EE50E0674}
		{4CDE2CC3-5D02-431B-BCCE-E332B9FDD665} = {2B61FCED-42AC-48B3-B2E9-6F0EE50E0674}
		{A6B34814-3554-4849-A54E-C7AD1A7BB8E1} = {2B61FCED-42AC-48B3-B2E9-6F0EE50E0674}
		{27089447-9E63-45C4-B14B-7AEF8B933294} = {2B61FCED-42AC-48B3-B2E9-6F0EE50E0674}
		{63BBC1F3-E5E0-4902-BADF-1589F91C0BEA} = {2B61FCED-42AC-48B3-B2E9-6F0EE50E0674}
		{0F449F28-D18B-4D52-B444-A18546F82FE6} = {2B61FCED-42AC-48B3-B2E9-6F0EE50E0674}
		{D3B18D07-0B19-4CDE-8A32-33F69C404C03} = {2B61FCED-42AC-48B3-B2E9-6F0EE50E0674}
		{2928688F-2D89-4C2B-AB59-F82B80A14009} = {2B61FCED-42AC-48B3-B2E9-6F0EE50E0674}
		{320C59E8-148F-494D-8334-309F39CBBFEE} = {2B61FCED-42AC-48B3-B2E9-6F0EE50E0674}
		{15567D0A-4DAF-49CD-9F8F-4FA94AD889D3} = {2B61FCED-42AC-48B3-B2E9-6F0EE50E0674}
		{F3E029DC-EBEB-492F-9CA0-D26DB9F82064} = {2B61FCED-42AC-48B3-B2E9-6F0EE50E0674}
		{0A748BD3-97DD-4C57-8069-4E36656C0A1A} = {2B61FCED-42AC-48B3-B2E9-6F0EE50E0674}
		{E066FF5C-A61E-48CD-AAF5-5A490F5C6F3D} = {2B61FCED-42AC-48B3-B2E9-6F0EE50E0674}
		{7048A168-BF11-48C1-886E-39DBF2EB8B04} = {2B61FCED-42AC-48B3-B2E9-6F0EE50E0674}
		{ACFBFE97-27FE-4D3C-B5F6-B5CBC24F9EF3} = {2B61FCED-42AC-48B3-B2E9-6F0EE50E0674}
		{314E5D80-C9B6-41CD-96AD-E9166D953763} = {2B61FCED-42AC-48B3-B2E9-6F0EE50E0674}
		{C2C2138E-2617-43D6-B552-E0D57FDA7CEA} = {2B61FCED-42AC-48B3-B2E9-6F0EE50E0674}
		{FE9CD87A-E785-49B7-9BC2-2B76526A2D49} = {2B61FCED-42AC-48B3-B2E9-6F0EE50E0674}
		{758D6292-93E7-40CB-AB6A-B9402CBBEFB3} = {2B61FCED-42AC-48B3-B2E9-6F0EE50E0674}
		{CB331526-55BF-4887-A0D8-EE721B7FCDD7} = {2B61FCED-42AC-48B3-B2E9-6F0EE50E0674}
		{3D7F6A67-99BB-449B-B24A-1319F133DCBF} = {75CAD46B-8E8E-4798-97F8-C2463D126431}
		{48AFEFD5-2AC8-472C-95A7-78147B255236} = {75CAD46B-8E8E-4798-97F8-C2463D126431}
		{3E9048BC-11C1-4278-ACBF-2B0DBE7EF9F4} = {75CAD46B-8E8E-4798-97F8-C2463D126431}
		{94792675-44A2-4DD8-8CF2-1771787A097C} = {75CAD46B-8E8E-4798-97F8-C2463D126431}
		{0527B124-4719-4358-9214-83858E0353DB} = {75CAD46B-8E8E-4798-97F8-C2463D126431}
	EndGlobalSection
	GlobalSection(ExtensibilityGlobals) = postSolution
		EnterpriseLibraryConfigurationToolBinariesPath = packages\Unity.2.1.505.0\lib\NET35
	EndGlobalSection
	GlobalSection(MonoDevelopProperties) = preSolution
		StartupItem = ..\Bifrost\Bifrost.csproj
	EndGlobalSection
EndGlobal
