
Microsoft Visual Studio Solution File, Format Version 12.00
# Visual Studio 2013
VisualStudioVersion = 12.0.30501.0
MinimumVisualStudioVersion = 10.0.40219.1
Project("{FAE04EC0-301F-11D3-BF4B-00C04F79EFBC}") = "Bifrost.Client", "..\Bifrost.Client\Bifrost.Client.csproj", "{29BD2EFC-79DE-4B45-BC4E-A049E6CF243F}"
EndProject
Project("{FAE04EC0-301F-11D3-BF4B-00C04F79EFBC}") = "Bifrost.Client.Specs", "..\Bifrost.Client.Specs\Bifrost.Client.Specs.csproj", "{ECE4A786-79A8-4CA1-BE16-E8E961CAA505}"
EndProject
Project("{FAE04EC0-301F-11D3-BF4B-00C04F79EFBC}") = "Bifrost.JavaScript", "..\Bifrost.JavaScript\Bifrost.JavaScript.csproj", "{15567D0A-4DAF-49CD-9F8F-4FA94AD889D3}"
EndProject
Project("{FAE04EC0-301F-11D3-BF4B-00C04F79EFBC}") = "Bifrost.JavaScript.Specs", "..\Bifrost.JavaScript.Specs\Bifrost.JavaScript.Specs.csproj", "{F3E029DC-EBEB-492F-9CA0-D26DB9F82064}"
EndProject
Project("{FAE04EC0-301F-11D3-BF4B-00C04F79EFBC}") = "Bifrost.Client.WindowsPhone.8.1", "..\Bifrost.Client.WindowsPhone\Bifrost.Client.WindowsPhone.8.1.csproj", "{F2B2BDF4-C559-43AA-9459-F968638411C1}"
EndProject
Project("{2150E333-8FDC-42A3-9474-1A3956D46DE8}") = "Solution Items", "Solution Items", "{1F1583D5-B81C-404B-8825-262863BC95C2}"
	ProjectSection(SolutionItems) = preProject
		..\Bifrost.Client.nuspec = ..\Bifrost.Client.nuspec
	EndProjectSection
EndProject
Global
	GlobalSection(SolutionConfigurationPlatforms) = preSolution
		Debug|Any CPU = Debug|Any CPU
		Debug|ARM = Debug|ARM
		Debug|x86 = Debug|x86
		Release|Any CPU = Release|Any CPU
		Release|ARM = Release|ARM
		Release|x86 = Release|x86
	EndGlobalSection
	GlobalSection(ProjectConfigurationPlatforms) = postSolution
		{29BD2EFC-79DE-4B45-BC4E-A049E6CF243F}.Debug|Any CPU.ActiveCfg = Debug|Any CPU
		{29BD2EFC-79DE-4B45-BC4E-A049E6CF243F}.Debug|Any CPU.Build.0 = Debug|Any CPU
		{29BD2EFC-79DE-4B45-BC4E-A049E6CF243F}.Debug|ARM.ActiveCfg = Debug|Any CPU
		{29BD2EFC-79DE-4B45-BC4E-A049E6CF243F}.Debug|x86.ActiveCfg = Debug|Any CPU
		{29BD2EFC-79DE-4B45-BC4E-A049E6CF243F}.Release|Any CPU.ActiveCfg = Release|Any CPU
		{29BD2EFC-79DE-4B45-BC4E-A049E6CF243F}.Release|Any CPU.Build.0 = Release|Any CPU
		{29BD2EFC-79DE-4B45-BC4E-A049E6CF243F}.Release|ARM.ActiveCfg = Release|Any CPU
		{29BD2EFC-79DE-4B45-BC4E-A049E6CF243F}.Release|x86.ActiveCfg = Release|Any CPU
		{ECE4A786-79A8-4CA1-BE16-E8E961CAA505}.Debug|Any CPU.ActiveCfg = Debug|Any CPU
		{ECE4A786-79A8-4CA1-BE16-E8E961CAA505}.Debug|Any CPU.Build.0 = Debug|Any CPU
		{ECE4A786-79A8-4CA1-BE16-E8E961CAA505}.Debug|ARM.ActiveCfg = Debug|Any CPU
		{ECE4A786-79A8-4CA1-BE16-E8E961CAA505}.Debug|x86.ActiveCfg = Debug|Any CPU
		{ECE4A786-79A8-4CA1-BE16-E8E961CAA505}.Release|Any CPU.ActiveCfg = Release|Any CPU
		{ECE4A786-79A8-4CA1-BE16-E8E961CAA505}.Release|Any CPU.Build.0 = Release|Any CPU
		{ECE4A786-79A8-4CA1-BE16-E8E961CAA505}.Release|ARM.ActiveCfg = Release|Any CPU
		{ECE4A786-79A8-4CA1-BE16-E8E961CAA505}.Release|x86.ActiveCfg = Release|Any CPU
		{15567D0A-4DAF-49CD-9F8F-4FA94AD889D3}.Debug|Any CPU.ActiveCfg = Debug|Any CPU
		{15567D0A-4DAF-49CD-9F8F-4FA94AD889D3}.Debug|Any CPU.Build.0 = Debug|Any CPU
		{15567D0A-4DAF-49CD-9F8F-4FA94AD889D3}.Debug|ARM.ActiveCfg = Debug|Any CPU
		{15567D0A-4DAF-49CD-9F8F-4FA94AD889D3}.Debug|x86.ActiveCfg = Debug|Any CPU
		{15567D0A-4DAF-49CD-9F8F-4FA94AD889D3}.Release|Any CPU.ActiveCfg = Release|Any CPU
		{15567D0A-4DAF-49CD-9F8F-4FA94AD889D3}.Release|Any CPU.Build.0 = Release|Any CPU
		{15567D0A-4DAF-49CD-9F8F-4FA94AD889D3}.Release|ARM.ActiveCfg = Release|Any CPU
		{15567D0A-4DAF-49CD-9F8F-4FA94AD889D3}.Release|x86.ActiveCfg = Release|Any CPU
		{F3E029DC-EBEB-492F-9CA0-D26DB9F82064}.Debug|Any CPU.ActiveCfg = Debug|Any CPU
		{F3E029DC-EBEB-492F-9CA0-D26DB9F82064}.Debug|Any CPU.Build.0 = Debug|Any CPU
		{F3E029DC-EBEB-492F-9CA0-D26DB9F82064}.Debug|ARM.ActiveCfg = Debug|Any CPU
		{F3E029DC-EBEB-492F-9CA0-D26DB9F82064}.Debug|x86.ActiveCfg = Debug|Any CPU
		{F3E029DC-EBEB-492F-9CA0-D26DB9F82064}.Release|Any CPU.ActiveCfg = Release|Any CPU
		{F3E029DC-EBEB-492F-9CA0-D26DB9F82064}.Release|Any CPU.Build.0 = Release|Any CPU
		{F3E029DC-EBEB-492F-9CA0-D26DB9F82064}.Release|ARM.ActiveCfg = Release|Any CPU
		{F3E029DC-EBEB-492F-9CA0-D26DB9F82064}.Release|x86.ActiveCfg = Release|Any CPU
		{F2B2BDF4-C559-43AA-9459-F968638411C1}.Debug|Any CPU.ActiveCfg = Debug|Any CPU
		{F2B2BDF4-C559-43AA-9459-F968638411C1}.Debug|Any CPU.Build.0 = Debug|Any CPU
		{F2B2BDF4-C559-43AA-9459-F968638411C1}.Debug|ARM.ActiveCfg = Debug|ARM
		{F2B2BDF4-C559-43AA-9459-F968638411C1}.Debug|ARM.Build.0 = Debug|ARM
		{F2B2BDF4-C559-43AA-9459-F968638411C1}.Debug|x86.ActiveCfg = Debug|x86
		{F2B2BDF4-C559-43AA-9459-F968638411C1}.Debug|x86.Build.0 = Debug|x86
		{F2B2BDF4-C559-43AA-9459-F968638411C1}.Release|Any CPU.ActiveCfg = Release|Any CPU
		{F2B2BDF4-C559-43AA-9459-F968638411C1}.Release|Any CPU.Build.0 = Release|Any CPU
		{F2B2BDF4-C559-43AA-9459-F968638411C1}.Release|ARM.ActiveCfg = Release|ARM
		{F2B2BDF4-C559-43AA-9459-F968638411C1}.Release|ARM.Build.0 = Release|ARM
		{F2B2BDF4-C559-43AA-9459-F968638411C1}.Release|x86.ActiveCfg = Release|x86
		{F2B2BDF4-C559-43AA-9459-F968638411C1}.Release|x86.Build.0 = Release|x86
	EndGlobalSection
	GlobalSection(SolutionProperties) = preSolution
		HideSolutionNode = FALSE
	EndGlobalSection
EndGlobal
